// !$*UTF8*$!
{
	archiveVersion = 1;
	classes = {
	};
	objectVersion = 46;
	objects = {

/* Begin PBXBuildFile section */
		5B2B0D3F1D72C80262256454 /* Pods_ProjectOvaltine.framework in Frameworks */ = {isa = PBXBuildFile; fileRef = 7B070CDBA33160390ACA5A09 /* Pods_ProjectOvaltine.framework */; };
		AF04F1C71D5A404C005B7F26 /* CensusAPIClient.swift in Sources */ = {isa = PBXBuildFile; fileRef = AF04F1C61D5A404C005B7F26 /* CensusAPIClient.swift */; };
		AF04F1C91D5A75B1005B7F26 /* CityAPIClientStruct.swift in Sources */ = {isa = PBXBuildFile; fileRef = AF04F1C81D5A75B1005B7F26 /* CityAPIClientStruct.swift */; };
		AF04F1CB1D5A8DC6005B7F26 /* CensusConstants.swift in Sources */ = {isa = PBXBuildFile; fileRef = AF04F1CA1D5A8DC6005B7F26 /* CensusConstants.swift */; };
		AF1786361D595B09008C834D /* MapKitViewController.swift in Sources */ = {isa = PBXBuildFile; fileRef = AF1786351D595B09008C834D /* MapKitViewController.swift */; };
		AF1FC7BF1D5B5F99004973A2 /* Constants.swift in Sources */ = {isa = PBXBuildFile; fileRef = AF1FC7BE1D5B5F99004973A2 /* Constants.swift */; };
		AF1FC7C11D5B6F1F004973A2 /* ResultCell.swift in Sources */ = {isa = PBXBuildFile; fileRef = AF1FC7C01D5B6F1F004973A2 /* ResultCell.swift */; };
		AF1FC7C31D5B6F8C004973A2 /* ResultView.swift in Sources */ = {isa = PBXBuildFile; fileRef = AF1FC7C21D5B6F8C004973A2 /* ResultView.swift */; };
		AF1FC7C61D5B70B4004973A2 /* ResultModel.swift in Sources */ = {isa = PBXBuildFile; fileRef = AF1FC7C51D5B70B4004973A2 /* ResultModel.swift */; };
		AF1FC7C81D5B72C0004973A2 /* ScoreModel.swift in Sources */ = {isa = PBXBuildFile; fileRef = AF1FC7C71D5B72C0004973A2 /* ScoreModel.swift */; };
		AF1FC7CA1D5B736F004973A2 /* ResultViewController.swift in Sources */ = {isa = PBXBuildFile; fileRef = AF1FC7C91D5B736F004973A2 /* ResultViewController.swift */; };
		AF1FC7CC1D5B7AA1004973A2 /* ResultFeedTableView.swift in Sources */ = {isa = PBXBuildFile; fileRef = AF1FC7CB1D5B7AA1004973A2 /* ResultFeedTableView.swift */; };
		AF1FC7D21D5B8A20004973A2 /* MapView.swift in Sources */ = {isa = PBXBuildFile; fileRef = AF1FC7D11D5B8A20004973A2 /* MapView.swift */; };
		AF1FC7D41D5B8A46004973A2 /* InitialViewController.swift in Sources */ = {isa = PBXBuildFile; fileRef = AF1FC7D31D5B8A46004973A2 /* InitialViewController.swift */; };
		AF1FC7D71D5B8D78004973A2 /* LocationData.swift in Sources */ = {isa = PBXBuildFile; fileRef = AF1FC7D61D5B8D78004973A2 /* LocationData.swift */; };
		AF24B1C71D5986EA0031FEEB /* CitySDKTests.swift in Sources */ = {isa = PBXBuildFile; fileRef = AF24B1C61D5986EA0031FEEB /* CitySDKTests.swift */; };
		AF24B1C91D5987150031FEEB /* USAJobsTests.swift in Sources */ = {isa = PBXBuildFile; fileRef = AF24B1C81D5987150031FEEB /* USAJobsTests.swift */; };
		AF24B1CC1D5987530031FEEB /* MapUITests.swift in Sources */ = {isa = PBXBuildFile; fileRef = AF24B1CB1D5987530031FEEB /* MapUITests.swift */; };
		AF2C0B401D57DC04002B7994 /* CitySDKData.swift in Sources */ = {isa = PBXBuildFile; fileRef = AF2C0B3F1D57DC04002B7994 /* CitySDKData.swift */; };
		AF5D3B741D5A9E7C007E55B7 /* AppController.swift in Sources */ = {isa = PBXBuildFile; fileRef = AF5D3B6C1D5A9E7C007E55B7 /* AppController.swift */; };
		AF5D3B751D5A9E7C007E55B7 /* DetailViewController.swift in Sources */ = {isa = PBXBuildFile; fileRef = AF5D3B6D1D5A9E7C007E55B7 /* DetailViewController.swift */; };
		AF5D3B761D5A9E7C007E55B7 /* PrototypeTabBar.swift in Sources */ = {isa = PBXBuildFile; fileRef = AF5D3B6E1D5A9E7C007E55B7 /* PrototypeTabBar.swift */; };
		AF5D3B771D5A9E7C007E55B7 /* TabViewController1.swift in Sources */ = {isa = PBXBuildFile; fileRef = AF5D3B6F1D5A9E7C007E55B7 /* TabViewController1.swift */; };
		AF5D3B781D5A9E7C007E55B7 /* TabViewController2.swift in Sources */ = {isa = PBXBuildFile; fileRef = AF5D3B701D5A9E7C007E55B7 /* TabViewController2.swift */; };
		AF5D3B791D5A9E7C007E55B7 /* TabViewController3.swift in Sources */ = {isa = PBXBuildFile; fileRef = AF5D3B711D5A9E7C007E55B7 /* TabViewController3.swift */; };
		AF5D3B7A1D5A9E7C007E55B7 /* TabViewController4.swift in Sources */ = {isa = PBXBuildFile; fileRef = AF5D3B721D5A9E7C007E55B7 /* TabViewController4.swift */; };
		AF5D3B7B1D5A9E7C007E55B7 /* TabViewController5.swift in Sources */ = {isa = PBXBuildFile; fileRef = AF5D3B731D5A9E7C007E55B7 /* TabViewController5.swift */; };
		AF75DF9A1D53D30300DDF173 /* AppDelegate.swift in Sources */ = {isa = PBXBuildFile; fileRef = AF75DF991D53D30300DDF173 /* AppDelegate.swift */; };
		AF75DF9F1D53D30400DDF173 /* Main.storyboard in Resources */ = {isa = PBXBuildFile; fileRef = AF75DF9D1D53D30400DDF173 /* Main.storyboard */; };
		AF75DFA11D53D30400DDF173 /* Assets.xcassets in Resources */ = {isa = PBXBuildFile; fileRef = AF75DFA01D53D30400DDF173 /* Assets.xcassets */; };
		AF75DFA41D53D30400DDF173 /* LaunchScreen.storyboard in Resources */ = {isa = PBXBuildFile; fileRef = AF75DFA21D53D30400DDF173 /* LaunchScreen.storyboard */; };
		AFE4600A1D551B7900FBE63B /* CitySDKAPIClient.swift in Sources */ = {isa = PBXBuildFile; fileRef = AFE460041D551B7900FBE63B /* CitySDKAPIClient.swift */; };
		AFE4600C1D551B7900FBE63B /* GovDataAPIClient.swift in Sources */ = {isa = PBXBuildFile; fileRef = AFE460061D551B7900FBE63B /* GovDataAPIClient.swift */; };
		AFE4600D1D551B7900FBE63B /* LaborStatisticsAPIClient.swift in Sources */ = {isa = PBXBuildFile; fileRef = AFE460071D551B7900FBE63B /* LaborStatisticsAPIClient.swift */; };
		AFE4600E1D551B7900FBE63B /* Request.swift in Sources */ = {isa = PBXBuildFile; fileRef = AFE460081D551B7900FBE63B /* Request.swift */; };
		AFE4600F1D551B7900FBE63B /* USAJobsAPIClient.swift in Sources */ = {isa = PBXBuildFile; fileRef = AFE460091D551B7900FBE63B /* USAJobsAPIClient.swift */; };
		AFE460161D551BE400FBE63B /* DataStore.swift in Sources */ = {isa = PBXBuildFile; fileRef = AFE460121D551BE400FBE63B /* DataStore.swift */; };
		AFE460171D551BE400FBE63B /* LaborStaticsData.swift in Sources */ = {isa = PBXBuildFile; fileRef = AFE460131D551BE400FBE63B /* LaborStaticsData.swift */; };
		AFE460181D551BE400FBE63B /* USAJobsData.swift in Sources */ = {isa = PBXBuildFile; fileRef = AFE460141D551BE400FBE63B /* USAJobsData.swift */; };
		AFE4601E1D551C4D00FBE63B /* ViewController.swift in Sources */ = {isa = PBXBuildFile; fileRef = AFE4601D1D551C4D00FBE63B /* ViewController.swift */; };
/* End PBXBuildFile section */

/* Begin PBXFileReference section */
		7B070CDBA33160390ACA5A09 /* Pods_ProjectOvaltine.framework */ = {isa = PBXFileReference; explicitFileType = wrapper.framework; includeInIndex = 0; path = Pods_ProjectOvaltine.framework; sourceTree = BUILT_PRODUCTS_DIR; };
		97F902FD0066A98854362609 /* Pods-ProjectOvaltine.debug.xcconfig */ = {isa = PBXFileReference; includeInIndex = 1; lastKnownFileType = text.xcconfig; name = "Pods-ProjectOvaltine.debug.xcconfig"; path = "Pods/Target Support Files/Pods-ProjectOvaltine/Pods-ProjectOvaltine.debug.xcconfig"; sourceTree = "<group>"; };
		AF04F1C61D5A404C005B7F26 /* CensusAPIClient.swift */ = {isa = PBXFileReference; fileEncoding = 4; lastKnownFileType = sourcecode.swift; name = CensusAPIClient.swift; path = Utilities/CensusAPIClient.swift; sourceTree = "<group>"; };
		AF04F1C81D5A75B1005B7F26 /* CityAPIClientStruct.swift */ = {isa = PBXFileReference; fileEncoding = 4; lastKnownFileType = sourcecode.swift; name = CityAPIClientStruct.swift; path = Utilities/CityAPIClientStruct.swift; sourceTree = "<group>"; };
		AF04F1CA1D5A8DC6005B7F26 /* CensusConstants.swift */ = {isa = PBXFileReference; fileEncoding = 4; lastKnownFileType = sourcecode.swift; path = CensusConstants.swift; sourceTree = "<group>"; };
		AF1786351D595B09008C834D /* MapKitViewController.swift */ = {isa = PBXFileReference; fileEncoding = 4; lastKnownFileType = sourcecode.swift; name = MapKitViewController.swift; path = Controllers/MapKitViewController.swift; sourceTree = "<group>"; };
		AF1FC7BE1D5B5F99004973A2 /* Constants.swift */ = {isa = PBXFileReference; fileEncoding = 4; lastKnownFileType = sourcecode.swift; name = Constants.swift; path = ../../../../../Constants.swift; sourceTree = "<group>"; };
		AF1FC7C01D5B6F1F004973A2 /* ResultCell.swift */ = {isa = PBXFileReference; fileEncoding = 4; lastKnownFileType = sourcecode.swift; name = ResultCell.swift; path = Models/ResultCell.swift; sourceTree = "<group>"; };
		AF1FC7C21D5B6F8C004973A2 /* ResultView.swift */ = {isa = PBXFileReference; fileEncoding = 4; lastKnownFileType = sourcecode.swift; name = ResultView.swift; path = Views/ResultView.swift; sourceTree = "<group>"; };
		AF1FC7C51D5B70B4004973A2 /* ResultModel.swift */ = {isa = PBXFileReference; fileEncoding = 4; lastKnownFileType = sourcecode.swift; path = ResultModel.swift; sourceTree = "<group>"; };
		AF1FC7C71D5B72C0004973A2 /* ScoreModel.swift */ = {isa = PBXFileReference; fileEncoding = 4; lastKnownFileType = sourcecode.swift; path = ScoreModel.swift; sourceTree = "<group>"; };
		AF1FC7C91D5B736F004973A2 /* ResultViewController.swift */ = {isa = PBXFileReference; fileEncoding = 4; lastKnownFileType = sourcecode.swift; name = ResultViewController.swift; path = Controllers/ResultViewController.swift; sourceTree = "<group>"; };
		AF1FC7CB1D5B7AA1004973A2 /* ResultFeedTableView.swift */ = {isa = PBXFileReference; fileEncoding = 4; lastKnownFileType = sourcecode.swift; name = ResultFeedTableView.swift; path = Views/ResultFeedTableView.swift; sourceTree = "<group>"; };
		AF1FC7D11D5B8A20004973A2 /* MapView.swift */ = {isa = PBXFileReference; fileEncoding = 4; lastKnownFileType = sourcecode.swift; name = MapView.swift; path = Views/MapView.swift; sourceTree = "<group>"; };
		AF1FC7D31D5B8A46004973A2 /* InitialViewController.swift */ = {isa = PBXFileReference; fileEncoding = 4; lastKnownFileType = sourcecode.swift; name = InitialViewController.swift; path = Controllers/InitialViewController.swift; sourceTree = "<group>"; };
		AF1FC7D61D5B8D78004973A2 /* LocationData.swift */ = {isa = PBXFileReference; fileEncoding = 4; lastKnownFileType = sourcecode.swift; path = LocationData.swift; sourceTree = "<group>"; };
		AF24B1C61D5986EA0031FEEB /* CitySDKTests.swift */ = {isa = PBXFileReference; fileEncoding = 4; lastKnownFileType = sourcecode.swift; name = CitySDKTests.swift; path = Tests/CitySDKTests.swift; sourceTree = "<group>"; };
		AF24B1C81D5987150031FEEB /* USAJobsTests.swift */ = {isa = PBXFileReference; fileEncoding = 4; lastKnownFileType = sourcecode.swift; name = USAJobsTests.swift; path = Tests/USAJobsTests.swift; sourceTree = "<group>"; };
		AF24B1CB1D5987530031FEEB /* MapUITests.swift */ = {isa = PBXFileReference; fileEncoding = 4; lastKnownFileType = sourcecode.swift; name = MapUITests.swift; path = UITests/MapUITests.swift; sourceTree = "<group>"; };
		AF2C0B3F1D57DC04002B7994 /* CitySDKData.swift */ = {isa = PBXFileReference; fileEncoding = 4; lastKnownFileType = sourcecode.swift; path = CitySDKData.swift; sourceTree = "<group>"; };
		AF5D3B6C1D5A9E7C007E55B7 /* AppController.swift */ = {isa = PBXFileReference; fileEncoding = 4; lastKnownFileType = sourcecode.swift; name = AppController.swift; path = Controllers/AppController.swift; sourceTree = "<group>"; };
		AF5D3B6D1D5A9E7C007E55B7 /* DetailViewController.swift */ = {isa = PBXFileReference; fileEncoding = 4; lastKnownFileType = sourcecode.swift; name = DetailViewController.swift; path = Controllers/DetailViewController.swift; sourceTree = "<group>"; };
		AF5D3B6E1D5A9E7C007E55B7 /* PrototypeTabBar.swift */ = {isa = PBXFileReference; fileEncoding = 4; lastKnownFileType = sourcecode.swift; name = PrototypeTabBar.swift; path = Controllers/PrototypeTabBar.swift; sourceTree = "<group>"; };
		AF5D3B6F1D5A9E7C007E55B7 /* TabViewController1.swift */ = {isa = PBXFileReference; fileEncoding = 4; lastKnownFileType = sourcecode.swift; name = TabViewController1.swift; path = Controllers/TabViewController1.swift; sourceTree = "<group>"; };
		AF5D3B701D5A9E7C007E55B7 /* TabViewController2.swift */ = {isa = PBXFileReference; fileEncoding = 4; lastKnownFileType = sourcecode.swift; name = TabViewController2.swift; path = Controllers/TabViewController2.swift; sourceTree = "<group>"; };
		AF5D3B711D5A9E7C007E55B7 /* TabViewController3.swift */ = {isa = PBXFileReference; fileEncoding = 4; lastKnownFileType = sourcecode.swift; name = TabViewController3.swift; path = Controllers/TabViewController3.swift; sourceTree = "<group>"; };
		AF5D3B721D5A9E7C007E55B7 /* TabViewController4.swift */ = {isa = PBXFileReference; fileEncoding = 4; lastKnownFileType = sourcecode.swift; name = TabViewController4.swift; path = Controllers/TabViewController4.swift; sourceTree = "<group>"; };
		AF5D3B731D5A9E7C007E55B7 /* TabViewController5.swift */ = {isa = PBXFileReference; fileEncoding = 4; lastKnownFileType = sourcecode.swift; name = TabViewController5.swift; path = Controllers/TabViewController5.swift; sourceTree = "<group>"; };
		AF75DF961D53D30300DDF173 /* ProjectOvaltine.app */ = {isa = PBXFileReference; explicitFileType = wrapper.application; includeInIndex = 0; path = ProjectOvaltine.app; sourceTree = BUILT_PRODUCTS_DIR; };
		AF75DF991D53D30300DDF173 /* AppDelegate.swift */ = {isa = PBXFileReference; lastKnownFileType = sourcecode.swift; path = AppDelegate.swift; sourceTree = "<group>"; };
		AF75DF9E1D53D30400DDF173 /* Base */ = {isa = PBXFileReference; lastKnownFileType = file.storyboard; name = Base; path = Base.lproj/Main.storyboard; sourceTree = "<group>"; };
		AF75DFA01D53D30400DDF173 /* Assets.xcassets */ = {isa = PBXFileReference; lastKnownFileType = folder.assetcatalog; path = Assets.xcassets; sourceTree = "<group>"; };
		AF75DFA31D53D30400DDF173 /* Base */ = {isa = PBXFileReference; lastKnownFileType = file.storyboard; name = Base; path = Base.lproj/LaunchScreen.storyboard; sourceTree = "<group>"; };
		AF75DFA51D53D30400DDF173 /* Info.plist */ = {isa = PBXFileReference; lastKnownFileType = text.plist.xml; path = Info.plist; sourceTree = "<group>"; };
		AFE460041D551B7900FBE63B /* CitySDKAPIClient.swift */ = {isa = PBXFileReference; fileEncoding = 4; lastKnownFileType = sourcecode.swift; name = CitySDKAPIClient.swift; path = Utilities/CitySDKAPIClient.swift; sourceTree = "<group>"; };
		AFE460061D551B7900FBE63B /* GovDataAPIClient.swift */ = {isa = PBXFileReference; fileEncoding = 4; lastKnownFileType = sourcecode.swift; name = GovDataAPIClient.swift; path = Utilities/GovDataAPIClient.swift; sourceTree = "<group>"; };
		AFE460071D551B7900FBE63B /* LaborStatisticsAPIClient.swift */ = {isa = PBXFileReference; fileEncoding = 4; lastKnownFileType = sourcecode.swift; name = LaborStatisticsAPIClient.swift; path = Utilities/LaborStatisticsAPIClient.swift; sourceTree = "<group>"; };
		AFE460081D551B7900FBE63B /* Request.swift */ = {isa = PBXFileReference; fileEncoding = 4; lastKnownFileType = sourcecode.swift; name = Request.swift; path = Utilities/Request.swift; sourceTree = "<group>"; };
		AFE460091D551B7900FBE63B /* USAJobsAPIClient.swift */ = {isa = PBXFileReference; fileEncoding = 4; lastKnownFileType = sourcecode.swift; name = USAJobsAPIClient.swift; path = Utilities/USAJobsAPIClient.swift; sourceTree = "<group>"; };
		AFE460121D551BE400FBE63B /* DataStore.swift */ = {isa = PBXFileReference; fileEncoding = 4; lastKnownFileType = sourcecode.swift; path = DataStore.swift; sourceTree = "<group>"; };
		AFE460131D551BE400FBE63B /* LaborStaticsData.swift */ = {isa = PBXFileReference; fileEncoding = 4; lastKnownFileType = sourcecode.swift; path = LaborStaticsData.swift; sourceTree = "<group>"; };
		AFE460141D551BE400FBE63B /* USAJobsData.swift */ = {isa = PBXFileReference; fileEncoding = 4; lastKnownFileType = sourcecode.swift; path = USAJobsData.swift; sourceTree = "<group>"; };
		AFE4601D1D551C4D00FBE63B /* ViewController.swift */ = {isa = PBXFileReference; fileEncoding = 4; lastKnownFileType = sourcecode.swift; name = ViewController.swift; path = Controllers/ViewController.swift; sourceTree = "<group>"; };
		C9179A45E76BFD3155E867EF /* Pods-ProjectOvaltine.release.xcconfig */ = {isa = PBXFileReference; includeInIndex = 1; lastKnownFileType = text.xcconfig; name = "Pods-ProjectOvaltine.release.xcconfig"; path = "Pods/Target Support Files/Pods-ProjectOvaltine/Pods-ProjectOvaltine.release.xcconfig"; sourceTree = "<group>"; };
/* End PBXFileReference section */

/* Begin PBXFrameworksBuildPhase section */
		AF75DF931D53D30300DDF173 /* Frameworks */ = {
			isa = PBXFrameworksBuildPhase;
			buildActionMask = 2147483647;
			files = (
				5B2B0D3F1D72C80262256454 /* Pods_ProjectOvaltine.framework in Frameworks */,
			);
			runOnlyForDeploymentPostprocessing = 0;
		};
/* End PBXFrameworksBuildPhase section */

/* Begin PBXGroup section */
		7DF9641B7B8AA5C8F2E74228 /* Frameworks */ = {
			isa = PBXGroup;
			children = (
				7B070CDBA33160390ACA5A09 /* Pods_ProjectOvaltine.framework */,
			);
			name = Frameworks;
			sourceTree = "<group>";
		};
		AF1FC7C41D5B6F95004973A2 /* Views */ = {
			isa = PBXGroup;
			children = (
				AF1FC7CB1D5B7AA1004973A2 /* ResultFeedTableView.swift */,
				AF1FC7C21D5B6F8C004973A2 /* ResultView.swift */,
				AF1FC7D11D5B8A20004973A2 /* MapView.swift */,
				AF1FC7D51D5B8A58004973A2 /* Cells */,
			);
			name = Views;
			sourceTree = "<group>";
		};
		AF1FC7D51D5B8A58004973A2 /* Cells */ = {
			isa = PBXGroup;
			children = (
				AF1FC7C01D5B6F1F004973A2 /* ResultCell.swift */,
			);
			name = Cells;
			sourceTree = "<group>";
		};
		AF24B1CA1D5987270031FEEB /* Tests */ = {
			isa = PBXGroup;
			children = (
				AF24B1C61D5986EA0031FEEB /* CitySDKTests.swift */,
				AF24B1C81D5987150031FEEB /* USAJobsTests.swift */,
			);
			name = Tests;
			sourceTree = "<group>";
		};
		AF24B1CD1D59875A0031FEEB /* UITests */ = {
			isa = PBXGroup;
			children = (
				AF24B1CB1D5987530031FEEB /* MapUITests.swift */,
			);
			name = UITests;
			sourceTree = "<group>";
		};
		AF75DF8D1D53D30300DDF173 = {
			isa = PBXGroup;
			children = (
				AF75DF981D53D30300DDF173 /* ProjectOvaltine */,
				AF75DF971D53D30300DDF173 /* Products */,
				DBC71C99095F417EE7AF1502 /* Pods */,
				7DF9641B7B8AA5C8F2E74228 /* Frameworks */,
			);
			sourceTree = "<group>";
		};
		AF75DF971D53D30300DDF173 /* Products */ = {
			isa = PBXGroup;
			children = (
				AF75DF961D53D30300DDF173 /* ProjectOvaltine.app */,
			);
			name = Products;
			sourceTree = "<group>";
		};
		AF75DF981D53D30300DDF173 /* ProjectOvaltine */ = {
			isa = PBXGroup;
			children = (
				AF1FC7C41D5B6F95004973A2 /* Views */,
				AFE460101D551BE400FBE63B /* Models */,
				AFE45FFF1D551B2900FBE63B /* Utilities */,
				AFE4601F1D551C5400FBE63B /* Controllers */,
				AFEEC1FB1D54DD1F00EEAECA /* Supporting Files */,
				AF24B1CA1D5987270031FEEB /* Tests */,
				AF24B1CD1D59875A0031FEEB /* UITests */,
			);
			path = ProjectOvaltine;
			sourceTree = "<group>";
		};
		AFE45FFF1D551B2900FBE63B /* Utilities */ = {
			isa = PBXGroup;
			children = (
				AF1FC7BE1D5B5F99004973A2 /* Constants.swift */,
				AFE460041D551B7900FBE63B /* CitySDKAPIClient.swift */,
				AFE460061D551B7900FBE63B /* GovDataAPIClient.swift */,
				AFE460071D551B7900FBE63B /* LaborStatisticsAPIClient.swift */,
				AFE460081D551B7900FBE63B /* Request.swift */,
				AFE460091D551B7900FBE63B /* USAJobsAPIClient.swift */,
				AF04F1C61D5A404C005B7F26 /* CensusAPIClient.swift */,
				AF04F1C81D5A75B1005B7F26 /* CityAPIClientStruct.swift */,
			);
			name = Utilities;
			sourceTree = "<group>";
		};
		AFE460101D551BE400FBE63B /* Models */ = {
			isa = PBXGroup;
			children = (
				AF2C0B3F1D57DC04002B7994 /* CitySDKData.swift */,
				AFE460121D551BE400FBE63B /* DataStore.swift */,
				AF04F1CA1D5A8DC6005B7F26 /* CensusConstants.swift */,
				AFE460131D551BE400FBE63B /* LaborStaticsData.swift */,
				AFE460141D551BE400FBE63B /* USAJobsData.swift */,
				AF1FC7C51D5B70B4004973A2 /* ResultModel.swift */,
				AF1FC7C71D5B72C0004973A2 /* ScoreModel.swift */,
				AF1FC7D61D5B8D78004973A2 /* LocationData.swift */,
			);
			path = Models;
			sourceTree = "<group>";
		};
		AFE4601F1D551C5400FBE63B /* Controllers */ = {
			isa = PBXGroup;
			children = (
				AF5D3B6C1D5A9E7C007E55B7 /* AppController.swift */,
				AF5D3B6D1D5A9E7C007E55B7 /* DetailViewController.swift */,
				AF5D3B6E1D5A9E7C007E55B7 /* PrototypeTabBar.swift */,
				AF5D3B6F1D5A9E7C007E55B7 /* TabViewController1.swift */,
				AF5D3B701D5A9E7C007E55B7 /* TabViewController2.swift */,
				AF5D3B711D5A9E7C007E55B7 /* TabViewController3.swift */,
				AF5D3B721D5A9E7C007E55B7 /* TabViewController4.swift */,
				AF5D3B731D5A9E7C007E55B7 /* TabViewController5.swift */,
				AF1786351D595B09008C834D /* MapKitViewController.swift */,
				AFE4601D1D551C4D00FBE63B /* ViewController.swift */,
				AF1FC7D31D5B8A46004973A2 /* InitialViewController.swift */,
				AF1FC7C91D5B736F004973A2 /* ResultViewController.swift */,
			);
			name = Controllers;
			sourceTree = "<group>";
		};
		AFEEC1FB1D54DD1F00EEAECA /* Supporting Files */ = {
			isa = PBXGroup;
			children = (
				AF75DF9D1D53D30400DDF173 /* Main.storyboard */,
				AF75DFA21D53D30400DDF173 /* LaunchScreen.storyboard */,
				AF75DFA51D53D30400DDF173 /* Info.plist */,
				AF75DFA01D53D30400DDF173 /* Assets.xcassets */,
				AF75DF991D53D30300DDF173 /* AppDelegate.swift */,
			);
			name = "Supporting Files";
			sourceTree = "<group>";
		};
		DBC71C99095F417EE7AF1502 /* Pods */ = {
			isa = PBXGroup;
			children = (
				97F902FD0066A98854362609 /* Pods-ProjectOvaltine.debug.xcconfig */,
				C9179A45E76BFD3155E867EF /* Pods-ProjectOvaltine.release.xcconfig */,
			);
			name = Pods;
			sourceTree = "<group>";
		};
/* End PBXGroup section */

/* Begin PBXNativeTarget section */
		AF75DF951D53D30300DDF173 /* ProjectOvaltine */ = {
			isa = PBXNativeTarget;
			buildConfigurationList = AF75DFA81D53D30400DDF173 /* Build configuration list for PBXNativeTarget "ProjectOvaltine" */;
			buildPhases = (
				9B885B32EF5A44A6D02174B3 /* [CP] Check Pods Manifest.lock */,
				AF75DF921D53D30300DDF173 /* Sources */,
				AF75DF931D53D30300DDF173 /* Frameworks */,
				AF75DF941D53D30300DDF173 /* Resources */,
				00FD44DE860CBA48B5405D45 /* [CP] Embed Pods Frameworks */,
				50ECEB2E9D7812FBA8216720 /* [CP] Copy Pods Resources */,
			);
			buildRules = (
			);
			dependencies = (
			);
			name = ProjectOvaltine;
			productName = ProjectOvaltine;
			productReference = AF75DF961D53D30300DDF173 /* ProjectOvaltine.app */;
			productType = "com.apple.product-type.application";
		};
/* End PBXNativeTarget section */

/* Begin PBXProject section */
		AF75DF8E1D53D30300DDF173 /* Project object */ = {
			isa = PBXProject;
			attributes = {
				LastSwiftUpdateCheck = 0730;
				LastUpgradeCheck = 0730;
				ORGANIZATIONNAME = "Christopher Webb-Orenstein";
				TargetAttributes = {
					AF75DF951D53D30300DDF173 = {
						CreatedOnToolsVersion = 7.3.1;
					};
				};
			};
			buildConfigurationList = AF75DF911D53D30300DDF173 /* Build configuration list for PBXProject "ProjectOvaltine" */;
			compatibilityVersion = "Xcode 3.2";
			developmentRegion = English;
			hasScannedForEncodings = 0;
			knownRegions = (
				en,
				Base,
			);
			mainGroup = AF75DF8D1D53D30300DDF173;
			productRefGroup = AF75DF971D53D30300DDF173 /* Products */;
			projectDirPath = "";
			projectRoot = "";
			targets = (
				AF75DF951D53D30300DDF173 /* ProjectOvaltine */,
			);
		};
/* End PBXProject section */

/* Begin PBXResourcesBuildPhase section */
		AF75DF941D53D30300DDF173 /* Resources */ = {
			isa = PBXResourcesBuildPhase;
			buildActionMask = 2147483647;
			files = (
				AF75DFA41D53D30400DDF173 /* LaunchScreen.storyboard in Resources */,
				AF75DFA11D53D30400DDF173 /* Assets.xcassets in Resources */,
				AF75DF9F1D53D30400DDF173 /* Main.storyboard in Resources */,
			);
			runOnlyForDeploymentPostprocessing = 0;
		};
/* End PBXResourcesBuildPhase section */

/* Begin PBXShellScriptBuildPhase section */
		00FD44DE860CBA48B5405D45 /* [CP] Embed Pods Frameworks */ = {
			isa = PBXShellScriptBuildPhase;
			buildActionMask = 2147483647;
			files = (
			);
			inputPaths = (
			);
			name = "[CP] Embed Pods Frameworks";
			outputPaths = (
			);
			runOnlyForDeploymentPostprocessing = 0;
			shellPath = /bin/sh;
			shellScript = "\"${SRCROOT}/Pods/Target Support Files/Pods-ProjectOvaltine/Pods-ProjectOvaltine-frameworks.sh\"\n";
			showEnvVarsInLog = 0;
		};
		50ECEB2E9D7812FBA8216720 /* [CP] Copy Pods Resources */ = {
			isa = PBXShellScriptBuildPhase;
			buildActionMask = 2147483647;
			files = (
			);
			inputPaths = (
			);
			name = "[CP] Copy Pods Resources";
			outputPaths = (
			);
			runOnlyForDeploymentPostprocessing = 0;
			shellPath = /bin/sh;
			shellScript = "\"${SRCROOT}/Pods/Target Support Files/Pods-ProjectOvaltine/Pods-ProjectOvaltine-resources.sh\"\n";
			showEnvVarsInLog = 0;
		};
		9B885B32EF5A44A6D02174B3 /* [CP] Check Pods Manifest.lock */ = {
			isa = PBXShellScriptBuildPhase;
			buildActionMask = 2147483647;
			files = (
			);
			inputPaths = (
			);
			name = "[CP] Check Pods Manifest.lock";
			outputPaths = (
			);
			runOnlyForDeploymentPostprocessing = 0;
			shellPath = /bin/sh;
			shellScript = "diff \"${PODS_ROOT}/../Podfile.lock\" \"${PODS_ROOT}/Manifest.lock\" > /dev/null\nif [[ $? != 0 ]] ; then\n    cat << EOM\nerror: The sandbox is not in sync with the Podfile.lock. Run 'pod install' or update your CocoaPods installation.\nEOM\n    exit 1\nfi\n";
			showEnvVarsInLog = 0;
		};
/* End PBXShellScriptBuildPhase section */

/* Begin PBXSourcesBuildPhase section */
		AF75DF921D53D30300DDF173 /* Sources */ = {
			isa = PBXSourcesBuildPhase;
			buildActionMask = 2147483647;
			files = (
				AF1FC7D71D5B8D78004973A2 /* LocationData.swift in Sources */,
				AF1FC7CA1D5B736F004973A2 /* ResultViewController.swift in Sources */,
				AF24B1C71D5986EA0031FEEB /* CitySDKTests.swift in Sources */,
				AFE460161D551BE400FBE63B /* DataStore.swift in Sources */,
				AF2C0B401D57DC04002B7994 /* CitySDKData.swift in Sources */,
				AF5D3B7B1D5A9E7C007E55B7 /* TabViewController5.swift in Sources */,
				AFE4600E1D551B7900FBE63B /* Request.swift in Sources */,
				AF5D3B7A1D5A9E7C007E55B7 /* TabViewController4.swift in Sources */,
				AF5D3B751D5A9E7C007E55B7 /* DetailViewController.swift in Sources */,
				AFE460181D551BE400FBE63B /* USAJobsData.swift in Sources */,
				AF1FC7D21D5B8A20004973A2 /* MapView.swift in Sources */,
				AF1FC7C61D5B70B4004973A2 /* ResultModel.swift in Sources */,
				AF24B1CC1D5987530031FEEB /* MapUITests.swift in Sources */,
				AF5D3B771D5A9E7C007E55B7 /* TabViewController1.swift in Sources */,
				AF1FC7BF1D5B5F99004973A2 /* Constants.swift in Sources */,
				AF1786361D595B09008C834D /* MapKitViewController.swift in Sources */,
				AF1FC7D41D5B8A46004973A2 /* InitialViewController.swift in Sources */,
				AF1FC7C31D5B6F8C004973A2 /* ResultView.swift in Sources */,
				AF1FC7C81D5B72C0004973A2 /* ScoreModel.swift in Sources */,
				AF24B1C91D5987150031FEEB /* USAJobsTests.swift in Sources */,
				AF5D3B791D5A9E7C007E55B7 /* TabViewController3.swift in Sources */,
				AF75DF9A1D53D30300DDF173 /* AppDelegate.swift in Sources */,
				AF04F1C71D5A404C005B7F26 /* CensusAPIClient.swift in Sources */,
				AFE4600D1D551B7900FBE63B /* LaborStatisticsAPIClient.swift in Sources */,
				AFE460171D551BE400FBE63B /* LaborStaticsData.swift in Sources */,
				AFE4600F1D551B7900FBE63B /* USAJobsAPIClient.swift in Sources */,
				AF04F1CB1D5A8DC6005B7F26 /* CensusConstants.swift in Sources */,
				AFE4601E1D551C4D00FBE63B /* ViewController.swift in Sources */,
				AF1FC7CC1D5B7AA1004973A2 /* ResultFeedTableView.swift in Sources */,
				AFE4600A1D551B7900FBE63B /* CitySDKAPIClient.swift in Sources */,
				AF5D3B781D5A9E7C007E55B7 /* TabViewController2.swift in Sources */,
				AF5D3B761D5A9E7C007E55B7 /* PrototypeTabBar.swift in Sources */,
				AFE4600C1D551B7900FBE63B /* GovDataAPIClient.swift in Sources */,
				AF04F1C91D5A75B1005B7F26 /* CityAPIClientStruct.swift in Sources */,
				AF1FC7C11D5B6F1F004973A2 /* ResultCell.swift in Sources */,
				AF5D3B741D5A9E7C007E55B7 /* AppController.swift in Sources */,
			);
			runOnlyForDeploymentPostprocessing = 0;
		};
/* End PBXSourcesBuildPhase section */

/* Begin PBXVariantGroup section */
		AF75DF9D1D53D30400DDF173 /* Main.storyboard */ = {
			isa = PBXVariantGroup;
			children = (
				AF75DF9E1D53D30400DDF173 /* Base */,
			);
			name = Main.storyboard;
			sourceTree = "<group>";
		};
		AF75DFA21D53D30400DDF173 /* LaunchScreen.storyboard */ = {
			isa = PBXVariantGroup;
			children = (
				AF75DFA31D53D30400DDF173 /* Base */,
			);
			name = LaunchScreen.storyboard;
			sourceTree = "<group>";
		};
/* End PBXVariantGroup section */

/* Begin XCBuildConfiguration section */
		AF75DFA61D53D30400DDF173 /* Debug */ = {
			isa = XCBuildConfiguration;
			buildSettings = {
				ALWAYS_SEARCH_USER_PATHS = NO;
				CLANG_ANALYZER_NONNULL = YES;
				CLANG_CXX_LANGUAGE_STANDARD = "gnu++0x";
				CLANG_CXX_LIBRARY = "libc++";
				CLANG_ENABLE_MODULES = YES;
				CLANG_ENABLE_OBJC_ARC = YES;
				CLANG_WARN_BOOL_CONVERSION = YES;
				CLANG_WARN_CONSTANT_CONVERSION = YES;
				CLANG_WARN_DIRECT_OBJC_ISA_USAGE = YES_ERROR;
				CLANG_WARN_EMPTY_BODY = YES;
				CLANG_WARN_ENUM_CONVERSION = YES;
				CLANG_WARN_INT_CONVERSION = YES;
				CLANG_WARN_OBJC_ROOT_CLASS = YES_ERROR;
				CLANG_WARN_UNREACHABLE_CODE = YES;
				CLANG_WARN__DUPLICATE_METHOD_MATCH = YES;
				"CODE_SIGN_IDENTITY[sdk=iphoneos*]" = "iPhone Developer";
				COPY_PHASE_STRIP = NO;
				DEBUG_INFORMATION_FORMAT = dwarf;
				ENABLE_STRICT_OBJC_MSGSEND = YES;
				ENABLE_TESTABILITY = YES;
				GCC_C_LANGUAGE_STANDARD = gnu99;
				GCC_DYNAMIC_NO_PIC = NO;
				GCC_NO_COMMON_BLOCKS = YES;
				GCC_OPTIMIZATION_LEVEL = 0;
				GCC_PREPROCESSOR_DEFINITIONS = (
					"DEBUG=1",
					"$(inherited)",
				);
				GCC_WARN_64_TO_32_BIT_CONVERSION = YES;
				GCC_WARN_ABOUT_RETURN_TYPE = YES_ERROR;
				GCC_WARN_UNDECLARED_SELECTOR = YES;
				GCC_WARN_UNINITIALIZED_AUTOS = YES_AGGRESSIVE;
				GCC_WARN_UNUSED_FUNCTION = YES;
				GCC_WARN_UNUSED_VARIABLE = YES;
				IPHONEOS_DEPLOYMENT_TARGET = 9.3;
				MTL_ENABLE_DEBUG_INFO = YES;
				ONLY_ACTIVE_ARCH = YES;
				SDKROOT = iphoneos;
				SWIFT_OPTIMIZATION_LEVEL = "-Onone";
			};
			name = Debug;
		};
		AF75DFA71D53D30400DDF173 /* Release */ = {
			isa = XCBuildConfiguration;
			buildSettings = {
				ALWAYS_SEARCH_USER_PATHS = NO;
				CLANG_ANALYZER_NONNULL = YES;
				CLANG_CXX_LANGUAGE_STANDARD = "gnu++0x";
				CLANG_CXX_LIBRARY = "libc++";
				CLANG_ENABLE_MODULES = YES;
				CLANG_ENABLE_OBJC_ARC = YES;
				CLANG_WARN_BOOL_CONVERSION = YES;
				CLANG_WARN_CONSTANT_CONVERSION = YES;
				CLANG_WARN_DIRECT_OBJC_ISA_USAGE = YES_ERROR;
				CLANG_WARN_EMPTY_BODY = YES;
				CLANG_WARN_ENUM_CONVERSION = YES;
				CLANG_WARN_INT_CONVERSION = YES;
				CLANG_WARN_OBJC_ROOT_CLASS = YES_ERROR;
				CLANG_WARN_UNREACHABLE_CODE = YES;
				CLANG_WARN__DUPLICATE_METHOD_MATCH = YES;
				"CODE_SIGN_IDENTITY[sdk=iphoneos*]" = "iPhone Developer";
				COPY_PHASE_STRIP = NO;
				DEBUG_INFORMATION_FORMAT = "dwarf-with-dsym";
				ENABLE_NS_ASSERTIONS = NO;
				ENABLE_STRICT_OBJC_MSGSEND = YES;
				GCC_C_LANGUAGE_STANDARD = gnu99;
				GCC_NO_COMMON_BLOCKS = YES;
				GCC_WARN_64_TO_32_BIT_CONVERSION = YES;
				GCC_WARN_ABOUT_RETURN_TYPE = YES_ERROR;
				GCC_WARN_UNDECLARED_SELECTOR = YES;
				GCC_WARN_UNINITIALIZED_AUTOS = YES_AGGRESSIVE;
				GCC_WARN_UNUSED_FUNCTION = YES;
				GCC_WARN_UNUSED_VARIABLE = YES;
				IPHONEOS_DEPLOYMENT_TARGET = 9.3;
				MTL_ENABLE_DEBUG_INFO = NO;
				SDKROOT = iphoneos;
				VALIDATE_PRODUCT = YES;
			};
			name = Release;
		};
		AF75DFA91D53D30400DDF173 /* Debug */ = {
			isa = XCBuildConfiguration;
			baseConfigurationReference = 97F902FD0066A98854362609 /* Pods-ProjectOvaltine.debug.xcconfig */;
			buildSettings = {
				ASSETCATALOG_COMPILER_APPICON_NAME = AppIcon;
				INFOPLIST_FILE = ProjectOvaltine/Info.plist;
				LD_RUNPATH_SEARCH_PATHS = "$(inherited) @executable_path/Frameworks";
				PRODUCT_BUNDLE_IDENTIFIER = com.Webb.C.ProjectOvaltine;
				PRODUCT_NAME = "$(TARGET_NAME)";
			};
			name = Debug;
		};
		AF75DFAA1D53D30400DDF173 /* Release */ = {
			isa = XCBuildConfiguration;
			baseConfigurationReference = C9179A45E76BFD3155E867EF /* Pods-ProjectOvaltine.release.xcconfig */;
			buildSettings = {
				ASSETCATALOG_COMPILER_APPICON_NAME = AppIcon;
				INFOPLIST_FILE = ProjectOvaltine/Info.plist;
				LD_RUNPATH_SEARCH_PATHS = "$(inherited) @executable_path/Frameworks";
				PRODUCT_BUNDLE_IDENTIFIER = com.Webb.C.ProjectOvaltine;
				PRODUCT_NAME = "$(TARGET_NAME)";
			};
			name = Release;
		};
/* End XCBuildConfiguration section */

/* Begin XCConfigurationList section */
		AF75DF911D53D30300DDF173 /* Build configuration list for PBXProject "ProjectOvaltine" */ = {
			isa = XCConfigurationList;
			buildConfigurations = (
				AF75DFA61D53D30400DDF173 /* Debug */,
				AF75DFA71D53D30400DDF173 /* Release */,
			);
			defaultConfigurationIsVisible = 0;
			defaultConfigurationName = Release;
		};
		AF75DFA81D53D30400DDF173 /* Build configuration list for PBXNativeTarget "ProjectOvaltine" */ = {
			isa = XCConfigurationList;
			buildConfigurations = (
				AF75DFA91D53D30400DDF173 /* Debug */,
				AF75DFAA1D53D30400DDF173 /* Release */,
			);
			defaultConfigurationIsVisible = 0;
			defaultConfigurationName = Release;
		};
/* End XCConfigurationList section */
	};
	rootObject = AF75DF8E1D53D30300DDF173 /* Project object */;
}
