// !$*UTF8*$!
{
	archiveVersion = 1;
	classes = {
	};
	objectVersion = 46;
	objects = {

/* Begin PBXBuildFile section */
		8E74E6F01D65EC1C0056E866 /* CensusAPIClient.swift in Sources */ = {isa = PBXBuildFile; fileRef = 8E74E6DB1D65EC1C0056E866 /* CensusAPIClient.swift */; };
		8E74E6F11D65EC1C0056E866 /* CensusAPICodes.csv in Resources */ = {isa = PBXBuildFile; fileRef = 8E74E6DC1D65EC1C0056E866 /* CensusAPICodes.csv */; };
		8E74E6F21D65EC1C0056E866 /* CensusAPICodesParser.swift in Sources */ = {isa = PBXBuildFile; fileRef = 8E74E6DD1D65EC1C0056E866 /* CensusAPICodesParser.swift */; };
		8E74E6F31D65EC1C0056E866 /* CensusAPIProperties.swift in Sources */ = {isa = PBXBuildFile; fileRef = 8E74E6DE1D65EC1C0056E866 /* CensusAPIProperties.swift */; };
		8E74E6F41D65EC1C0056E866 /* City.swift in Sources */ = {isa = PBXBuildFile; fileRef = 8E74E6DF1D65EC1C0056E866 /* City.swift */; };
		8E74E6F51D65EC1C0056E866 /* City+CoreDataProperties.swift in Sources */ = {isa = PBXBuildFile; fileRef = 8E74E6E01D65EC1C0056E866 /* City+CoreDataProperties.swift */; };
		8E74E6F61D65EC1C0056E866 /* CoreDataHelper.swift in Sources */ = {isa = PBXBuildFile; fileRef = 8E74E6E11D65EC1C0056E866 /* CoreDataHelper.swift */; };
		8E74E6F71D65EC1C0056E866 /* CoreDataHelperExtension.swift in Sources */ = {isa = PBXBuildFile; fileRef = 8E74E6E21D65EC1C0056E866 /* CoreDataHelperExtension.swift */; };
		8E74E6F81D65EC1C0056E866 /* County.swift in Sources */ = {isa = PBXBuildFile; fileRef = 8E74E6E31D65EC1C0056E866 /* County.swift */; };
		8E74E6F91D65EC1C0056E866 /* County+CoreDataProperties.swift in Sources */ = {isa = PBXBuildFile; fileRef = 8E74E6E41D65EC1C0056E866 /* County+CoreDataProperties.swift */; };
		8E74E6FA1D65EC1C0056E866 /* DataModel.xcdatamodeld in Sources */ = {isa = PBXBuildFile; fileRef = 8E74E6E51D65EC1C0056E866 /* DataModel.xcdatamodeld */; };
		8E74E6FB1D65EC1C0056E866 /* DataSet.swift in Sources */ = {isa = PBXBuildFile; fileRef = 8E74E6E71D65EC1C0056E866 /* DataSet.swift */; };
		8E74E6FC1D65EC1C0056E866 /* DataSet+CoreDataProperties.swift in Sources */ = {isa = PBXBuildFile; fileRef = 8E74E6E81D65EC1C0056E866 /* DataSet+CoreDataProperties.swift */; };
		8E74E6FD1D65EC1C0056E866 /* DataSetValues.swift in Sources */ = {isa = PBXBuildFile; fileRef = 8E74E6E91D65EC1C0056E866 /* DataSetValues.swift */; };
		8E74E6FE1D65EC1C0056E866 /* DataSetValues+CoreDataProperties.swift in Sources */ = {isa = PBXBuildFile; fileRef = 8E74E6EA1D65EC1C0056E866 /* DataSetValues+CoreDataProperties.swift */; };
		8E74E6FF1D65EC1C0056E866 /* Hints.swift in Sources */ = {isa = PBXBuildFile; fileRef = 8E74E6EB1D65EC1C0056E866 /* Hints.swift */; };
		8E74E7001D65EC1C0056E866 /* State.swift in Sources */ = {isa = PBXBuildFile; fileRef = 8E74E6EC1D65EC1C0056E866 /* State.swift */; };
		8E74E7011D65EC1C0056E866 /* State+CoreDataProperties.swift in Sources */ = {isa = PBXBuildFile; fileRef = 8E74E6ED1D65EC1C0056E866 /* State+CoreDataProperties.swift */; };
		8E74E7021D65EC1C0056E866 /* US.swift in Sources */ = {isa = PBXBuildFile; fileRef = 8E74E6EE1D65EC1C0056E866 /* US.swift */; };
		8E74E7031D65EC1C0056E866 /* US+CoreDataProperties.swift in Sources */ = {isa = PBXBuildFile; fileRef = 8E74E6EF1D65EC1C0056E866 /* US+CoreDataProperties.swift */; };
		AF04F1CB1D5A8DC6005B7F26 /* CensusConstants.swift in Sources */ = {isa = PBXBuildFile; fileRef = AF04F1CA1D5A8DC6005B7F26 /* CensusConstants.swift */; };
		AF0916081D634B5D00138D86 /* TableViewCell.swift in Sources */ = {isa = PBXBuildFile; fileRef = AF0916071D634B5D00138D86 /* TableViewCell.swift */; };
		AF1786361D595B09008C834D /* MapKitViewController.swift in Sources */ = {isa = PBXBuildFile; fileRef = AF1786351D595B09008C834D /* MapKitViewController.swift */; };
		AF1FC7C11D5B6F1F004973A2 /* ResultCell.swift in Sources */ = {isa = PBXBuildFile; fileRef = AF1FC7C01D5B6F1F004973A2 /* ResultCell.swift */; };
		AF1FC7C31D5B6F8C004973A2 /* ResultView.swift in Sources */ = {isa = PBXBuildFile; fileRef = AF1FC7C21D5B6F8C004973A2 /* ResultView.swift */; };
		AF1FC7C61D5B70B4004973A2 /* ResultModel.swift in Sources */ = {isa = PBXBuildFile; fileRef = AF1FC7C51D5B70B4004973A2 /* ResultModel.swift */; };
		AF1FC7C81D5B72C0004973A2 /* ScoreModel.swift in Sources */ = {isa = PBXBuildFile; fileRef = AF1FC7C71D5B72C0004973A2 /* ScoreModel.swift */; };
		AF1FC7CA1D5B736F004973A2 /* TransportationDataViewController.swift in Sources */ = {isa = PBXBuildFile; fileRef = AF1FC7C91D5B736F004973A2 /* TransportationDataViewController.swift */; };
		AF1FC7D71D5B8D78004973A2 /* LocationData.swift in Sources */ = {isa = PBXBuildFile; fileRef = AF1FC7D61D5B8D78004973A2 /* LocationData.swift */; };
		AF24B1C71D5986EA0031FEEB /* CitySDKTests.swift in Sources */ = {isa = PBXBuildFile; fileRef = AF24B1C61D5986EA0031FEEB /* CitySDKTests.swift */; };
		AF24B1C91D5987150031FEEB /* USAJobsTests.swift in Sources */ = {isa = PBXBuildFile; fileRef = AF24B1C81D5987150031FEEB /* USAJobsTests.swift */; };
		AF24B1CC1D5987530031FEEB /* MapUITests.swift in Sources */ = {isa = PBXBuildFile; fileRef = AF24B1CB1D5987530031FEEB /* MapUITests.swift */; };
		AF2C0B401D57DC04002B7994 /* CitySDKData.swift in Sources */ = {isa = PBXBuildFile; fileRef = AF2C0B3F1D57DC04002B7994 /* CitySDKData.swift */; };
		AF4E94791D660E1F00515266 /* TestView.swift in Sources */ = {isa = PBXBuildFile; fileRef = AF4E94781D660E1F00515266 /* TestView.swift */; };
		AF5045191D5C47AB00A2E97D /* NSCoderExtension.swift in Sources */ = {isa = PBXBuildFile; fileRef = AF5045181D5C47AB00A2E97D /* NSCoderExtension.swift */; };
		AF588A641D5CB78400F228C7 /* AppFont.swift in Sources */ = {isa = PBXBuildFile; fileRef = AF588A631D5CB78400F228C7 /* AppFont.swift */; };
		AF588A6E1D5CC11D00F228C7 /* ResultTableView.swift in Sources */ = {isa = PBXBuildFile; fileRef = AF588A6D1D5CC11D00F228C7 /* ResultTableView.swift */; };
		AF75DF9A1D53D30300DDF173 /* AppDelegate.swift in Sources */ = {isa = PBXBuildFile; fileRef = AF75DF991D53D30300DDF173 /* AppDelegate.swift */; };
		AF75DFA11D53D30400DDF173 /* Assets.xcassets in Resources */ = {isa = PBXBuildFile; fileRef = AF75DFA01D53D30400DDF173 /* Assets.xcassets */; };
		AF75DFA41D53D30400DDF173 /* LaunchScreen.storyboard in Resources */ = {isa = PBXBuildFile; fileRef = AF75DFA21D53D30400DDF173 /* LaunchScreen.storyboard */; };
		AF7777E91D6103C000303DBB /* ProjectButton.swift in Sources */ = {isa = PBXBuildFile; fileRef = AF7777E81D6103C000303DBB /* ProjectButton.swift */; };
		AF7B72871D66133E008C366E /* TestViewController.swift in Sources */ = {isa = PBXBuildFile; fileRef = AF7B72861D66133E008C366E /* TestViewController.swift */; };
		AF7B72891D663E3F008C366E /* Constants.swift in Sources */ = {isa = PBXBuildFile; fileRef = AF7B72881D663E3F008C366E /* Constants.swift */; };
		AFDA12451D65134300A11FCA /* ErrorView.swift in Sources */ = {isa = PBXBuildFile; fileRef = AFDA12441D65134300A11FCA /* ErrorView.swift */; };
		AFDA12471D6513BF00A11FCA /* ErrorViewController.swift in Sources */ = {isa = PBXBuildFile; fileRef = AFDA12461D6513BF00A11FCA /* ErrorViewController.swift */; };
		AFDA12491D65166200A11FCA /* SplashScreenController.swift in Sources */ = {isa = PBXBuildFile; fileRef = AFDA12481D65166200A11FCA /* SplashScreenController.swift */; };
		AFDA124B1D6516BD00A11FCA /* SplashScreenView.swift in Sources */ = {isa = PBXBuildFile; fileRef = AFDA124A1D6516BD00A11FCA /* SplashScreenView.swift */; };
		AFDA12531D65F33C00A11FCA /* MapView.swift in Sources */ = {isa = PBXBuildFile; fileRef = AFDA12521D65F33C00A11FCA /* MapView.swift */; };
		AFE4600A1D551B7900FBE63B /* CitySDKAPIClient.swift in Sources */ = {isa = PBXBuildFile; fileRef = AFE460041D551B7900FBE63B /* CitySDKAPIClient.swift */; };
		AFE4600C1D551B7900FBE63B /* GovDataAPIClient.swift in Sources */ = {isa = PBXBuildFile; fileRef = AFE460061D551B7900FBE63B /* GovDataAPIClient.swift */; };
		AFE4600D1D551B7900FBE63B /* LaborStatisticsAPIClient.swift in Sources */ = {isa = PBXBuildFile; fileRef = AFE460071D551B7900FBE63B /* LaborStatisticsAPIClient.swift */; };
		AFE4600E1D551B7900FBE63B /* Request.swift in Sources */ = {isa = PBXBuildFile; fileRef = AFE460081D551B7900FBE63B /* Request.swift */; };
		AFE4600F1D551B7900FBE63B /* USAJobsAPIClient.swift in Sources */ = {isa = PBXBuildFile; fileRef = AFE460091D551B7900FBE63B /* USAJobsAPIClient.swift */; };
		AFE460161D551BE400FBE63B /* DataStore.swift in Sources */ = {isa = PBXBuildFile; fileRef = AFE460121D551BE400FBE63B /* DataStore.swift */; };
		AFE460171D551BE400FBE63B /* LaborStaticsData.swift in Sources */ = {isa = PBXBuildFile; fileRef = AFE460131D551BE400FBE63B /* LaborStaticsData.swift */; };
		AFE460181D551BE400FBE63B /* USAJobsData.swift in Sources */ = {isa = PBXBuildFile; fileRef = AFE460141D551BE400FBE63B /* USAJobsData.swift */; };
		AFE759391D62BC3D0072FF76 /* DetailView.swift in Sources */ = {isa = PBXBuildFile; fileRef = AFE759381D62BC3D0072FF76 /* DetailView.swift */; };
		AFE906A61D5E3D1000CEA2C9 /* TabBarController.swift in Sources */ = {isa = PBXBuildFile; fileRef = AFE906A51D5E3D1000CEA2C9 /* TabBarController.swift */; };
		AFE906A81D5E3D2600CEA2C9 /* FinanceDataViewController.swift in Sources */ = {isa = PBXBuildFile; fileRef = AFE906A71D5E3D2600CEA2C9 /* FinanceDataViewController.swift */; };
		AFE906AA1D5E3D3D00CEA2C9 /* DemographicDataViewController.swift in Sources */ = {isa = PBXBuildFile; fileRef = AFE906A91D5E3D3D00CEA2C9 /* DemographicDataViewController.swift */; };
		AFE906AC1D5E3D5900CEA2C9 /* EducationDataViewController.swift in Sources */ = {isa = PBXBuildFile; fileRef = AFE906AB1D5E3D5900CEA2C9 /* EducationDataViewController.swift */; };
		AFE906AE1D5E3D7800CEA2C9 /* Extensions.swift in Sources */ = {isa = PBXBuildFile; fileRef = AFE906AD1D5E3D7800CEA2C9 /* Extensions.swift */; };
		AFE906B01D5E3F0500CEA2C9 /* SearchResultCell.swift in Sources */ = {isa = PBXBuildFile; fileRef = AFE906AF1D5E3F0500CEA2C9 /* SearchResultCell.swift */; };
		AFEA1C311D64B55C00148BAE /* SettingsView.swift in Sources */ = {isa = PBXBuildFile; fileRef = AFEA1C301D64B55C00148BAE /* SettingsView.swift */; };
		AFEA1C331D64B6A300148BAE /* SettingsViewController.swift in Sources */ = {isa = PBXBuildFile; fileRef = AFEA1C321D64B6A300148BAE /* SettingsViewController.swift */; };
		AFEE32161D635A5600884D42 /* NavBar.swift in Sources */ = {isa = PBXBuildFile; fileRef = AFEE32151D635A5600884D42 /* NavBar.swift */; };
		BD20C7101D6355CE0065CADF /* StatsViewController.swift in Sources */ = {isa = PBXBuildFile; fileRef = BD20C70F1D6355CE0065CADF /* StatsViewController.swift */; };
		D2DACD433DF7781D4A11E996 /* Pods_ProjectOvaltine.framework in Frameworks */ = {isa = PBXBuildFile; fileRef = CE26922BFD154DC8736CEAB9 /* Pods_ProjectOvaltine.framework */; };
/* End PBXBuildFile section */

/* Begin PBXFileReference section */
		60C2129E72DDDDF5234858A7 /* Pods-ProjectOvaltine.release.xcconfig */ = {isa = PBXFileReference; includeInIndex = 1; lastKnownFileType = text.xcconfig; name = "Pods-ProjectOvaltine.release.xcconfig"; path = "Pods/Target Support Files/Pods-ProjectOvaltine/Pods-ProjectOvaltine.release.xcconfig"; sourceTree = "<group>"; };
		8E74E6DB1D65EC1C0056E866 /* CensusAPIClient.swift */ = {isa = PBXFileReference; fileEncoding = 4; lastKnownFileType = sourcecode.swift; name = CensusAPIClient.swift; path = CoreData/CensusAPIClient.swift; sourceTree = "<group>"; };
		8E74E6DC1D65EC1C0056E866 /* CensusAPICodes.csv */ = {isa = PBXFileReference; fileEncoding = 4; lastKnownFileType = text; name = CensusAPICodes.csv; path = CoreData/CensusAPICodes.csv; sourceTree = "<group>"; };
		8E74E6DD1D65EC1C0056E866 /* CensusAPICodesParser.swift */ = {isa = PBXFileReference; fileEncoding = 4; lastKnownFileType = sourcecode.swift; name = CensusAPICodesParser.swift; path = CoreData/CensusAPICodesParser.swift; sourceTree = "<group>"; };
		8E74E6DE1D65EC1C0056E866 /* CensusAPIProperties.swift */ = {isa = PBXFileReference; fileEncoding = 4; lastKnownFileType = sourcecode.swift; name = CensusAPIProperties.swift; path = CoreData/CensusAPIProperties.swift; sourceTree = "<group>"; };
		8E74E6DF1D65EC1C0056E866 /* City.swift */ = {isa = PBXFileReference; fileEncoding = 4; lastKnownFileType = sourcecode.swift; name = City.swift; path = CoreData/City.swift; sourceTree = "<group>"; };
		8E74E6E01D65EC1C0056E866 /* City+CoreDataProperties.swift */ = {isa = PBXFileReference; fileEncoding = 4; lastKnownFileType = sourcecode.swift; name = "City+CoreDataProperties.swift"; path = "CoreData/City+CoreDataProperties.swift"; sourceTree = "<group>"; };
		8E74E6E11D65EC1C0056E866 /* CoreDataHelper.swift */ = {isa = PBXFileReference; fileEncoding = 4; lastKnownFileType = sourcecode.swift; name = CoreDataHelper.swift; path = CoreData/CoreDataHelper.swift; sourceTree = "<group>"; };
		8E74E6E21D65EC1C0056E866 /* CoreDataHelperExtension.swift */ = {isa = PBXFileReference; fileEncoding = 4; lastKnownFileType = sourcecode.swift; name = CoreDataHelperExtension.swift; path = CoreData/CoreDataHelperExtension.swift; sourceTree = "<group>"; };
		8E74E6E31D65EC1C0056E866 /* County.swift */ = {isa = PBXFileReference; fileEncoding = 4; lastKnownFileType = sourcecode.swift; name = County.swift; path = CoreData/County.swift; sourceTree = "<group>"; };
		8E74E6E41D65EC1C0056E866 /* County+CoreDataProperties.swift */ = {isa = PBXFileReference; fileEncoding = 4; lastKnownFileType = sourcecode.swift; name = "County+CoreDataProperties.swift"; path = "CoreData/County+CoreDataProperties.swift"; sourceTree = "<group>"; };
		8E74E6E61D65EC1C0056E866 /* DataModel.xcdatamodel */ = {isa = PBXFileReference; lastKnownFileType = wrapper.xcdatamodel; path = DataModel.xcdatamodel; sourceTree = "<group>"; };
		8E74E6E71D65EC1C0056E866 /* DataSet.swift */ = {isa = PBXFileReference; fileEncoding = 4; lastKnownFileType = sourcecode.swift; name = DataSet.swift; path = CoreData/DataSet.swift; sourceTree = "<group>"; };
		8E74E6E81D65EC1C0056E866 /* DataSet+CoreDataProperties.swift */ = {isa = PBXFileReference; fileEncoding = 4; lastKnownFileType = sourcecode.swift; name = "DataSet+CoreDataProperties.swift"; path = "CoreData/DataSet+CoreDataProperties.swift"; sourceTree = "<group>"; };
		8E74E6E91D65EC1C0056E866 /* DataSetValues.swift */ = {isa = PBXFileReference; fileEncoding = 4; lastKnownFileType = sourcecode.swift; name = DataSetValues.swift; path = CoreData/DataSetValues.swift; sourceTree = "<group>"; };
		8E74E6EA1D65EC1C0056E866 /* DataSetValues+CoreDataProperties.swift */ = {isa = PBXFileReference; fileEncoding = 4; lastKnownFileType = sourcecode.swift; name = "DataSetValues+CoreDataProperties.swift"; path = "CoreData/DataSetValues+CoreDataProperties.swift"; sourceTree = "<group>"; };
		8E74E6EB1D65EC1C0056E866 /* Hints.swift */ = {isa = PBXFileReference; fileEncoding = 4; lastKnownFileType = sourcecode.swift; name = Hints.swift; path = CoreData/Hints.swift; sourceTree = "<group>"; };
		8E74E6EC1D65EC1C0056E866 /* State.swift */ = {isa = PBXFileReference; fileEncoding = 4; lastKnownFileType = sourcecode.swift; name = State.swift; path = CoreData/State.swift; sourceTree = "<group>"; };
		8E74E6ED1D65EC1C0056E866 /* State+CoreDataProperties.swift */ = {isa = PBXFileReference; fileEncoding = 4; lastKnownFileType = sourcecode.swift; name = "State+CoreDataProperties.swift"; path = "CoreData/State+CoreDataProperties.swift"; sourceTree = "<group>"; };
		8E74E6EE1D65EC1C0056E866 /* US.swift */ = {isa = PBXFileReference; fileEncoding = 4; lastKnownFileType = sourcecode.swift; name = US.swift; path = CoreData/US.swift; sourceTree = "<group>"; };
		8E74E6EF1D65EC1C0056E866 /* US+CoreDataProperties.swift */ = {isa = PBXFileReference; fileEncoding = 4; lastKnownFileType = sourcecode.swift; name = "US+CoreDataProperties.swift"; path = "CoreData/US+CoreDataProperties.swift"; sourceTree = "<group>"; };
		AF04F1C81D5A75B1005B7F26 /* CityAPIClientStruct.swift */ = {isa = PBXFileReference; fileEncoding = 4; lastKnownFileType = sourcecode.swift; name = CityAPIClientStruct.swift; path = Utilities/CityAPIClientStruct.swift; sourceTree = "<group>"; };
		AF04F1CA1D5A8DC6005B7F26 /* CensusConstants.swift */ = {isa = PBXFileReference; fileEncoding = 4; lastKnownFileType = sourcecode.swift; path = CensusConstants.swift; sourceTree = "<group>"; };
		AF0916071D634B5D00138D86 /* TableViewCell.swift */ = {isa = PBXFileReference; fileEncoding = 4; lastKnownFileType = sourcecode.swift; name = TableViewCell.swift; path = Controllers/TableViewCell.swift; sourceTree = "<group>"; };
		AF1786351D595B09008C834D /* MapKitViewController.swift */ = {isa = PBXFileReference; fileEncoding = 4; lastKnownFileType = sourcecode.swift; name = MapKitViewController.swift; path = Controllers/MapKitViewController.swift; sourceTree = "<group>"; };
		AF1FC7C01D5B6F1F004973A2 /* ResultCell.swift */ = {isa = PBXFileReference; fileEncoding = 4; lastKnownFileType = sourcecode.swift; name = ResultCell.swift; path = Models/ResultCell.swift; sourceTree = "<group>"; };
		AF1FC7C21D5B6F8C004973A2 /* ResultView.swift */ = {isa = PBXFileReference; fileEncoding = 4; lastKnownFileType = sourcecode.swift; name = ResultView.swift; path = Views/ResultView.swift; sourceTree = "<group>"; };
		AF1FC7C51D5B70B4004973A2 /* ResultModel.swift */ = {isa = PBXFileReference; fileEncoding = 4; lastKnownFileType = sourcecode.swift; path = ResultModel.swift; sourceTree = "<group>"; };
		AF1FC7C71D5B72C0004973A2 /* ScoreModel.swift */ = {isa = PBXFileReference; fileEncoding = 4; lastKnownFileType = sourcecode.swift; path = ScoreModel.swift; sourceTree = "<group>"; };
		AF1FC7C91D5B736F004973A2 /* TransportationDataViewController.swift */ = {isa = PBXFileReference; fileEncoding = 4; lastKnownFileType = sourcecode.swift; name = TransportationDataViewController.swift; path = Controllers/TransportationDataViewController.swift; sourceTree = "<group>"; };
		AF1FC7D61D5B8D78004973A2 /* LocationData.swift */ = {isa = PBXFileReference; fileEncoding = 4; lastKnownFileType = sourcecode.swift; path = LocationData.swift; sourceTree = "<group>"; };
		AF24B1C61D5986EA0031FEEB /* CitySDKTests.swift */ = {isa = PBXFileReference; fileEncoding = 4; lastKnownFileType = sourcecode.swift; name = CitySDKTests.swift; path = Tests/CitySDKTests.swift; sourceTree = "<group>"; };
		AF24B1C81D5987150031FEEB /* USAJobsTests.swift */ = {isa = PBXFileReference; fileEncoding = 4; lastKnownFileType = sourcecode.swift; name = USAJobsTests.swift; path = Tests/USAJobsTests.swift; sourceTree = "<group>"; };
		AF24B1CB1D5987530031FEEB /* MapUITests.swift */ = {isa = PBXFileReference; fileEncoding = 4; lastKnownFileType = sourcecode.swift; name = MapUITests.swift; path = UITests/MapUITests.swift; sourceTree = "<group>"; };
		AF2C0B3F1D57DC04002B7994 /* CitySDKData.swift */ = {isa = PBXFileReference; fileEncoding = 4; lastKnownFileType = sourcecode.swift; path = CitySDKData.swift; sourceTree = "<group>"; };
		AF4E94781D660E1F00515266 /* TestView.swift */ = {isa = PBXFileReference; fileEncoding = 4; lastKnownFileType = sourcecode.swift; name = TestView.swift; path = Views/TestView.swift; sourceTree = "<group>"; };
		AF5045181D5C47AB00A2E97D /* NSCoderExtension.swift */ = {isa = PBXFileReference; fileEncoding = 4; lastKnownFileType = sourcecode.swift; name = NSCoderExtension.swift; path = Utilities/NSCoderExtension.swift; sourceTree = "<group>"; };
		AF588A631D5CB78400F228C7 /* AppFont.swift */ = {isa = PBXFileReference; fileEncoding = 4; lastKnownFileType = sourcecode.swift; path = AppFont.swift; sourceTree = "<group>"; };
		AF588A6D1D5CC11D00F228C7 /* ResultTableView.swift */ = {isa = PBXFileReference; fileEncoding = 4; lastKnownFileType = sourcecode.swift; name = ResultTableView.swift; path = Views/ResultTableView.swift; sourceTree = "<group>"; };
		AF75DF961D53D30300DDF173 /* ProjectOvaltine.app */ = {isa = PBXFileReference; explicitFileType = wrapper.application; includeInIndex = 0; path = ProjectOvaltine.app; sourceTree = BUILT_PRODUCTS_DIR; };
		AF75DF991D53D30300DDF173 /* AppDelegate.swift */ = {isa = PBXFileReference; lastKnownFileType = sourcecode.swift; path = AppDelegate.swift; sourceTree = "<group>"; };
		AF75DFA01D53D30400DDF173 /* Assets.xcassets */ = {isa = PBXFileReference; lastKnownFileType = folder.assetcatalog; path = Assets.xcassets; sourceTree = "<group>"; };
		AF75DFA31D53D30400DDF173 /* Base */ = {isa = PBXFileReference; lastKnownFileType = file.storyboard; name = Base; path = Base.lproj/LaunchScreen.storyboard; sourceTree = "<group>"; };
		AF75DFA51D53D30400DDF173 /* Info.plist */ = {isa = PBXFileReference; lastKnownFileType = text.plist.xml; path = Info.plist; sourceTree = "<group>"; };
		AF7777E81D6103C000303DBB /* ProjectButton.swift */ = {isa = PBXFileReference; fileEncoding = 4; lastKnownFileType = sourcecode.swift; name = ProjectButton.swift; path = Views/ProjectButton.swift; sourceTree = "<group>"; };
		AF7B72861D66133E008C366E /* TestViewController.swift */ = {isa = PBXFileReference; fileEncoding = 4; lastKnownFileType = sourcecode.swift; name = TestViewController.swift; path = Controllers/TestViewController.swift; sourceTree = "<group>"; };
		AF7B72881D663E3F008C366E /* Constants.swift */ = {isa = PBXFileReference; fileEncoding = 4; lastKnownFileType = sourcecode.swift; name = Constants.swift; path = Utilities/Constants.swift; sourceTree = "<group>"; };
		AFDA12441D65134300A11FCA /* ErrorView.swift */ = {isa = PBXFileReference; fileEncoding = 4; lastKnownFileType = sourcecode.swift; name = ErrorView.swift; path = Views/ErrorView.swift; sourceTree = "<group>"; };
		AFDA12461D6513BF00A11FCA /* ErrorViewController.swift */ = {isa = PBXFileReference; fileEncoding = 4; lastKnownFileType = sourcecode.swift; name = ErrorViewController.swift; path = Controllers/ErrorViewController.swift; sourceTree = "<group>"; };
		AFDA12481D65166200A11FCA /* SplashScreenController.swift */ = {isa = PBXFileReference; fileEncoding = 4; lastKnownFileType = sourcecode.swift; name = SplashScreenController.swift; path = Controllers/SplashScreenController.swift; sourceTree = "<group>"; };
		AFDA124A1D6516BD00A11FCA /* SplashScreenView.swift */ = {isa = PBXFileReference; fileEncoding = 4; lastKnownFileType = sourcecode.swift; name = SplashScreenView.swift; path = Views/SplashScreenView.swift; sourceTree = "<group>"; };
		AFDA12521D65F33C00A11FCA /* MapView.swift */ = {isa = PBXFileReference; fileEncoding = 4; lastKnownFileType = sourcecode.swift; name = MapView.swift; path = Views/MapView.swift; sourceTree = "<group>"; };
		AFE460041D551B7900FBE63B /* CitySDKAPIClient.swift */ = {isa = PBXFileReference; fileEncoding = 4; lastKnownFileType = sourcecode.swift; name = CitySDKAPIClient.swift; path = Utilities/CitySDKAPIClient.swift; sourceTree = "<group>"; };
		AFE460061D551B7900FBE63B /* GovDataAPIClient.swift */ = {isa = PBXFileReference; fileEncoding = 4; lastKnownFileType = sourcecode.swift; name = GovDataAPIClient.swift; path = Utilities/GovDataAPIClient.swift; sourceTree = "<group>"; };
		AFE460071D551B7900FBE63B /* LaborStatisticsAPIClient.swift */ = {isa = PBXFileReference; fileEncoding = 4; lastKnownFileType = sourcecode.swift; name = LaborStatisticsAPIClient.swift; path = Utilities/LaborStatisticsAPIClient.swift; sourceTree = "<group>"; };
		AFE460081D551B7900FBE63B /* Request.swift */ = {isa = PBXFileReference; fileEncoding = 4; lastKnownFileType = sourcecode.swift; name = Request.swift; path = Utilities/Request.swift; sourceTree = "<group>"; };
		AFE460091D551B7900FBE63B /* USAJobsAPIClient.swift */ = {isa = PBXFileReference; fileEncoding = 4; lastKnownFileType = sourcecode.swift; name = USAJobsAPIClient.swift; path = Utilities/USAJobsAPIClient.swift; sourceTree = "<group>"; };
		AFE460121D551BE400FBE63B /* DataStore.swift */ = {isa = PBXFileReference; fileEncoding = 4; lastKnownFileType = sourcecode.swift; path = DataStore.swift; sourceTree = "<group>"; };
		AFE460131D551BE400FBE63B /* LaborStaticsData.swift */ = {isa = PBXFileReference; fileEncoding = 4; lastKnownFileType = sourcecode.swift; path = LaborStaticsData.swift; sourceTree = "<group>"; };
		AFE460141D551BE400FBE63B /* USAJobsData.swift */ = {isa = PBXFileReference; fileEncoding = 4; lastKnownFileType = sourcecode.swift; path = USAJobsData.swift; sourceTree = "<group>"; };
		AFE759381D62BC3D0072FF76 /* DetailView.swift */ = {isa = PBXFileReference; fileEncoding = 4; lastKnownFileType = sourcecode.swift; name = DetailView.swift; path = Views/DetailView.swift; sourceTree = "<group>"; };
		AFE906A51D5E3D1000CEA2C9 /* TabBarController.swift */ = {isa = PBXFileReference; fileEncoding = 4; lastKnownFileType = sourcecode.swift; name = TabBarController.swift; path = Controllers/TabBarController.swift; sourceTree = "<group>"; };
		AFE906A71D5E3D2600CEA2C9 /* FinanceDataViewController.swift */ = {isa = PBXFileReference; fileEncoding = 4; lastKnownFileType = sourcecode.swift; name = FinanceDataViewController.swift; path = Controllers/FinanceDataViewController.swift; sourceTree = "<group>"; };
		AFE906A91D5E3D3D00CEA2C9 /* DemographicDataViewController.swift */ = {isa = PBXFileReference; fileEncoding = 4; lastKnownFileType = sourcecode.swift; name = DemographicDataViewController.swift; path = Controllers/DemographicDataViewController.swift; sourceTree = "<group>"; };
		AFE906AB1D5E3D5900CEA2C9 /* EducationDataViewController.swift */ = {isa = PBXFileReference; fileEncoding = 4; lastKnownFileType = sourcecode.swift; name = EducationDataViewController.swift; path = Controllers/EducationDataViewController.swift; sourceTree = "<group>"; };
		AFE906AD1D5E3D7800CEA2C9 /* Extensions.swift */ = {isa = PBXFileReference; fileEncoding = 4; lastKnownFileType = sourcecode.swift; name = Extensions.swift; path = Controllers/Extensions.swift; sourceTree = "<group>"; };
		AFE906AF1D5E3F0500CEA2C9 /* SearchResultCell.swift */ = {isa = PBXFileReference; fileEncoding = 4; lastKnownFileType = sourcecode.swift; name = SearchResultCell.swift; path = Views/SearchResultCell.swift; sourceTree = "<group>"; };
		AFEA1C301D64B55C00148BAE /* SettingsView.swift */ = {isa = PBXFileReference; fileEncoding = 4; lastKnownFileType = sourcecode.swift; name = SettingsView.swift; path = Views/SettingsView.swift; sourceTree = "<group>"; };
		AFEA1C321D64B6A300148BAE /* SettingsViewController.swift */ = {isa = PBXFileReference; fileEncoding = 4; lastKnownFileType = sourcecode.swift; name = SettingsViewController.swift; path = Controllers/SettingsViewController.swift; sourceTree = "<group>"; };
		AFEE32151D635A5600884D42 /* NavBar.swift */ = {isa = PBXFileReference; fileEncoding = 4; lastKnownFileType = sourcecode.swift; name = NavBar.swift; path = Controllers/NavBar.swift; sourceTree = "<group>"; };
		BD20C70F1D6355CE0065CADF /* StatsViewController.swift */ = {isa = PBXFileReference; fileEncoding = 4; lastKnownFileType = sourcecode.swift; name = StatsViewController.swift; path = Controllers/StatsViewController.swift; sourceTree = "<group>"; };
		CE26922BFD154DC8736CEAB9 /* Pods_ProjectOvaltine.framework */ = {isa = PBXFileReference; explicitFileType = wrapper.framework; includeInIndex = 0; path = Pods_ProjectOvaltine.framework; sourceTree = BUILT_PRODUCTS_DIR; };
		FC048C74F799EF73ABF209A0 /* Pods-ProjectOvaltine.debug.xcconfig */ = {isa = PBXFileReference; includeInIndex = 1; lastKnownFileType = text.xcconfig; name = "Pods-ProjectOvaltine.debug.xcconfig"; path = "Pods/Target Support Files/Pods-ProjectOvaltine/Pods-ProjectOvaltine.debug.xcconfig"; sourceTree = "<group>"; };
/* End PBXFileReference section */

/* Begin PBXFrameworksBuildPhase section */
		AF75DF931D53D30300DDF173 /* Frameworks */ = {
			isa = PBXFrameworksBuildPhase;
			buildActionMask = 2147483647;
			files = (
				D2DACD433DF7781D4A11E996 /* Pods_ProjectOvaltine.framework in Frameworks */,
			);
			runOnlyForDeploymentPostprocessing = 0;
		};
/* End PBXFrameworksBuildPhase section */

/* Begin PBXGroup section */
		5439E42681104A506A519FB1 /* Frameworks */ = {
			isa = PBXGroup;
			children = (
				CE26922BFD154DC8736CEAB9 /* Pods_ProjectOvaltine.framework */,
			);
			name = Frameworks;
			sourceTree = "<group>";
		};
		65CAE059F06368DBF0CD527A /* Pods */ = {
			isa = PBXGroup;
			children = (
				FC048C74F799EF73ABF209A0 /* Pods-ProjectOvaltine.debug.xcconfig */,
				60C2129E72DDDDF5234858A7 /* Pods-ProjectOvaltine.release.xcconfig */,
			);
			name = Pods;
			sourceTree = "<group>";
		};
		8E74E6B21D65EB160056E866 /* CoreData */ = {
			isa = PBXGroup;
			children = (
				8E74E7061D65EC7F0056E866 /* CoreDataExecution */,
				8E74E7041D65EC230056E866 /* CoreDataClasses */,
				8E74E7051D65EC630056E866 /* CensusAPI */,
				8E74E7081D65ECA20056E866 /* Hints */,
			);
			name = CoreData;
			sourceTree = "<group>";
		};
		8E74E7041D65EC230056E866 /* CoreDataClasses */ = {
			isa = PBXGroup;
			children = (
				8E74E6DF1D65EC1C0056E866 /* City.swift */,
				8E74E6E31D65EC1C0056E866 /* County.swift */,
				8E74E6EC1D65EC1C0056E866 /* State.swift */,
				8E74E6EE1D65EC1C0056E866 /* US.swift */,
				8E74E6E71D65EC1C0056E866 /* DataSet.swift */,
				8E74E6E91D65EC1C0056E866 /* DataSetValues.swift */,
				8E74E6E01D65EC1C0056E866 /* City+CoreDataProperties.swift */,
				8E74E6E41D65EC1C0056E866 /* County+CoreDataProperties.swift */,
				8E74E6ED1D65EC1C0056E866 /* State+CoreDataProperties.swift */,
				8E74E6EF1D65EC1C0056E866 /* US+CoreDataProperties.swift */,
				8E74E6E81D65EC1C0056E866 /* DataSet+CoreDataProperties.swift */,
				8E74E6EA1D65EC1C0056E866 /* DataSetValues+CoreDataProperties.swift */,
			);
			name = CoreDataClasses;
			sourceTree = "<group>";
		};
		8E74E7051D65EC630056E866 /* CensusAPI */ = {
			isa = PBXGroup;
			children = (
				8E74E6DB1D65EC1C0056E866 /* CensusAPIClient.swift */,
				8E74E6DE1D65EC1C0056E866 /* CensusAPIProperties.swift */,
				8E74E6DD1D65EC1C0056E866 /* CensusAPICodesParser.swift */,
				8E74E6DC1D65EC1C0056E866 /* CensusAPICodes.csv */,
			);
			name = CensusAPI;
			sourceTree = "<group>";
		};
		8E74E7061D65EC7F0056E866 /* CoreDataExecution */ = {
			isa = PBXGroup;
			children = (
				8E74E6E11D65EC1C0056E866 /* CoreDataHelper.swift */,
				8E74E6E21D65EC1C0056E866 /* CoreDataHelperExtension.swift */,
				8E74E6E51D65EC1C0056E866 /* DataModel.xcdatamodeld */,
			);
			name = CoreDataExecution;
			sourceTree = "<group>";
		};
		8E74E7081D65ECA20056E866 /* Hints */ = {
			isa = PBXGroup;
			children = (
				8E74E6EB1D65EC1C0056E866 /* Hints.swift */,
			);
			name = Hints;
			sourceTree = "<group>";
		};
		AF1FC7C41D5B6F95004973A2 /* Views */ = {
			isa = PBXGroup;
			children = (
				AF7777E81D6103C000303DBB /* ProjectButton.swift */,
				AF4E94781D660E1F00515266 /* TestView.swift */,
				AFEA1C301D64B55C00148BAE /* SettingsView.swift */,
				AF1FC7C21D5B6F8C004973A2 /* ResultView.swift */,
				AF588A6D1D5CC11D00F228C7 /* ResultTableView.swift */,
				AFE759381D62BC3D0072FF76 /* DetailView.swift */,
				AFDA12441D65134300A11FCA /* ErrorView.swift */,
				AFDA124A1D6516BD00A11FCA /* SplashScreenView.swift */,
				AF1FC7D51D5B8A58004973A2 /* Cells */,
				AFDA12521D65F33C00A11FCA /* MapView.swift */,
			);
			name = Views;
			sourceTree = "<group>";
		};
		AF1FC7D51D5B8A58004973A2 /* Cells */ = {
			isa = PBXGroup;
			children = (
				AF1FC7C01D5B6F1F004973A2 /* ResultCell.swift */,
				AFE906AF1D5E3F0500CEA2C9 /* SearchResultCell.swift */,
				AF0916071D634B5D00138D86 /* TableViewCell.swift */,
			);
			name = Cells;
			sourceTree = "<group>";
		};
		AF24B1CA1D5987270031FEEB /* Tests */ = {
			isa = PBXGroup;
			children = (
				AF24B1C61D5986EA0031FEEB /* CitySDKTests.swift */,
				AF24B1C81D5987150031FEEB /* USAJobsTests.swift */,
			);
			name = Tests;
			sourceTree = "<group>";
		};
		AF24B1CD1D59875A0031FEEB /* UITests */ = {
			isa = PBXGroup;
			children = (
				AF24B1CB1D5987530031FEEB /* MapUITests.swift */,
			);
			name = UITests;
			sourceTree = "<group>";
		};
		AF75DF8D1D53D30300DDF173 = {
			isa = PBXGroup;
			children = (
				AF75DF981D53D30300DDF173 /* ProjectOvaltine */,
				AF75DF971D53D30300DDF173 /* Products */,
				65CAE059F06368DBF0CD527A /* Pods */,
				5439E42681104A506A519FB1 /* Frameworks */,
			);
			sourceTree = "<group>";
		};
		AF75DF971D53D30300DDF173 /* Products */ = {
			isa = PBXGroup;
			children = (
				AF75DF961D53D30300DDF173 /* ProjectOvaltine.app */,
			);
			name = Products;
			sourceTree = "<group>";
		};
		AF75DF981D53D30300DDF173 /* ProjectOvaltine */ = {
			isa = PBXGroup;
			children = (
				8E74E6B21D65EB160056E866 /* CoreData */,
				AF1FC7C41D5B6F95004973A2 /* Views */,
				AFE460101D551BE400FBE63B /* Models */,
				AFE45FFF1D551B2900FBE63B /* Utilities */,
				AFE4601F1D551C5400FBE63B /* Controllers */,
				AFEEC1FB1D54DD1F00EEAECA /* Supporting Files */,
				AF24B1CA1D5987270031FEEB /* Tests */,
				AF24B1CD1D59875A0031FEEB /* UITests */,
			);
			path = ProjectOvaltine;
			sourceTree = "<group>";
		};
		AFE45FFF1D551B2900FBE63B /* Utilities */ = {
			isa = PBXGroup;
			children = (
				AF7B72881D663E3F008C366E /* Constants.swift */,
				AFE460041D551B7900FBE63B /* CitySDKAPIClient.swift */,
				AFE460061D551B7900FBE63B /* GovDataAPIClient.swift */,
				AFE460071D551B7900FBE63B /* LaborStatisticsAPIClient.swift */,
				AFE460081D551B7900FBE63B /* Request.swift */,
				AFE460091D551B7900FBE63B /* USAJobsAPIClient.swift */,
				AF04F1C81D5A75B1005B7F26 /* CityAPIClientStruct.swift */,
				AF5045181D5C47AB00A2E97D /* NSCoderExtension.swift */,
			);
			name = Utilities;
			sourceTree = "<group>";
		};
		AFE460101D551BE400FBE63B /* Models */ = {
			isa = PBXGroup;
			children = (
				AF2C0B3F1D57DC04002B7994 /* CitySDKData.swift */,
				AFE460121D551BE400FBE63B /* DataStore.swift */,
				AF04F1CA1D5A8DC6005B7F26 /* CensusConstants.swift */,
				AFE460131D551BE400FBE63B /* LaborStaticsData.swift */,
				AFE460141D551BE400FBE63B /* USAJobsData.swift */,
				AF1FC7C51D5B70B4004973A2 /* ResultModel.swift */,
				AF1FC7C71D5B72C0004973A2 /* ScoreModel.swift */,
				AF1FC7D61D5B8D78004973A2 /* LocationData.swift */,
				AF588A631D5CB78400F228C7 /* AppFont.swift */,
			);
			path = Models;
			sourceTree = "<group>";
		};
		AFE4601F1D551C5400FBE63B /* Controllers */ = {
			isa = PBXGroup;
			children = (
				AF1786351D595B09008C834D /* MapKitViewController.swift */,
				AFE906A51D5E3D1000CEA2C9 /* TabBarController.swift */,
				BD20C70F1D6355CE0065CADF /* StatsViewController.swift */,
				AFE906A71D5E3D2600CEA2C9 /* FinanceDataViewController.swift */,
				AFE906AB1D5E3D5900CEA2C9 /* EducationDataViewController.swift */,
				AF1FC7C91D5B736F004973A2 /* TransportationDataViewController.swift */,
				AFE906A91D5E3D3D00CEA2C9 /* DemographicDataViewController.swift */,
				AFE906AD1D5E3D7800CEA2C9 /* Extensions.swift */,
				AFEE32151D635A5600884D42 /* NavBar.swift */,
				AFEA1C321D64B6A300148BAE /* SettingsViewController.swift */,
				AFDA12461D6513BF00A11FCA /* ErrorViewController.swift */,
				AFDA12481D65166200A11FCA /* SplashScreenController.swift */,
				AF7B72861D66133E008C366E /* TestViewController.swift */,
			);
			name = Controllers;
			sourceTree = "<group>";
		};
		AFEEC1FB1D54DD1F00EEAECA /* Supporting Files */ = {
			isa = PBXGroup;
			children = (
				AF75DFA21D53D30400DDF173 /* LaunchScreen.storyboard */,
				AF75DFA51D53D30400DDF173 /* Info.plist */,
				AF75DFA01D53D30400DDF173 /* Assets.xcassets */,
				AF75DF991D53D30300DDF173 /* AppDelegate.swift */,
			);
			name = "Supporting Files";
			sourceTree = "<group>";
		};
/* End PBXGroup section */

/* Begin PBXNativeTarget section */
		AF75DF951D53D30300DDF173 /* ProjectOvaltine */ = {
			isa = PBXNativeTarget;
			buildConfigurationList = AF75DFA81D53D30400DDF173 /* Build configuration list for PBXNativeTarget "ProjectOvaltine" */;
			buildPhases = (
				EFC093FF674B59495424E8F2 /* [CP] Check Pods Manifest.lock */,
				9B885B32EF5A44A6D02174B3 /* [CP] Check Pods Manifest.lock */,
				AF75DF921D53D30300DDF173 /* Sources */,
				AF75DF931D53D30300DDF173 /* Frameworks */,
				AF75DF941D53D30300DDF173 /* Resources */,
				00FD44DE860CBA48B5405D45 /* [CP] Embed Pods Frameworks */,
				50ECEB2E9D7812FBA8216720 /* [CP] Copy Pods Resources */,
				7B7ABB7D91F2BB97BB45BF9F /* 📦 Embed Pods Frameworks */,
				3A69A503EDE5FFFB0E9B6709 /* 📦 Copy Pods Resources */,
			);
			buildRules = (
			);
			dependencies = (
			);
			name = ProjectOvaltine;
			productName = ProjectOvaltine;
			productReference = AF75DF961D53D30300DDF173 /* ProjectOvaltine.app */;
			productType = "com.apple.product-type.application";
		};
/* End PBXNativeTarget section */

/* Begin PBXProject section */
		AF75DF8E1D53D30300DDF173 /* Project object */ = {
			isa = PBXProject;
			attributes = {
				LastSwiftUpdateCheck = 0730;
				LastUpgradeCheck = 0730;
				ORGANIZATIONNAME = "Christopher Webb-Orenstein";
				TargetAttributes = {
					AF75DF951D53D30300DDF173 = {
						CreatedOnToolsVersion = 7.3.1;
						DevelopmentTeam = 62Z8B753FR;
					};
				};
			};
			buildConfigurationList = AF75DF911D53D30300DDF173 /* Build configuration list for PBXProject "ProjectOvaltine" */;
			compatibilityVersion = "Xcode 3.2";
			developmentRegion = English;
			hasScannedForEncodings = 0;
			knownRegions = (
				en,
				Base,
			);
			mainGroup = AF75DF8D1D53D30300DDF173;
			productRefGroup = AF75DF971D53D30300DDF173 /* Products */;
			projectDirPath = "";
			projectRoot = "";
			targets = (
				AF75DF951D53D30300DDF173 /* ProjectOvaltine */,
			);
		};
/* End PBXProject section */

/* Begin PBXResourcesBuildPhase section */
		AF75DF941D53D30300DDF173 /* Resources */ = {
			isa = PBXResourcesBuildPhase;
			buildActionMask = 2147483647;
			files = (
				8E74E6F11D65EC1C0056E866 /* CensusAPICodes.csv in Resources */,
				AF75DFA41D53D30400DDF173 /* LaunchScreen.storyboard in Resources */,
				AF75DFA11D53D30400DDF173 /* Assets.xcassets in Resources */,
			);
			runOnlyForDeploymentPostprocessing = 0;
		};
/* End PBXResourcesBuildPhase section */

/* Begin PBXShellScriptBuildPhase section */
		00FD44DE860CBA48B5405D45 /* [CP] Embed Pods Frameworks */ = {
			isa = PBXShellScriptBuildPhase;
			buildActionMask = 2147483647;
			files = (
			);
			inputPaths = (
			);
			name = "[CP] Embed Pods Frameworks";
			outputPaths = (
			);
			runOnlyForDeploymentPostprocessing = 0;
			shellPath = /bin/sh;
			shellScript = "\"${SRCROOT}/Pods/Target Support Files/Pods-ProjectOvaltine/Pods-ProjectOvaltine-frameworks.sh\"\n";
			showEnvVarsInLog = 0;
		};
		3A69A503EDE5FFFB0E9B6709 /* 📦 Copy Pods Resources */ = {
			isa = PBXShellScriptBuildPhase;
			buildActionMask = 2147483647;
			files = (
			);
			inputPaths = (
			);
			name = "📦 Copy Pods Resources";
			outputPaths = (
			);
			runOnlyForDeploymentPostprocessing = 0;
			shellPath = /bin/sh;
			shellScript = "\"${SRCROOT}/Pods/Target Support Files/Pods-ProjectOvaltine/Pods-ProjectOvaltine-resources.sh\"\n";
			showEnvVarsInLog = 0;
		};
		50ECEB2E9D7812FBA8216720 /* [CP] Copy Pods Resources */ = {
			isa = PBXShellScriptBuildPhase;
			buildActionMask = 2147483647;
			files = (
			);
			inputPaths = (
			);
			name = "[CP] Copy Pods Resources";
			outputPaths = (
			);
			runOnlyForDeploymentPostprocessing = 0;
			shellPath = /bin/sh;
			shellScript = "\"${SRCROOT}/Pods/Target Support Files/Pods-ProjectOvaltine/Pods-ProjectOvaltine-resources.sh\"\n";
			showEnvVarsInLog = 0;
		};
		7B7ABB7D91F2BB97BB45BF9F /* 📦 Embed Pods Frameworks */ = {
			isa = PBXShellScriptBuildPhase;
			buildActionMask = 2147483647;
			files = (
			);
			inputPaths = (
			);
			name = "📦 Embed Pods Frameworks";
			outputPaths = (
			);
			runOnlyForDeploymentPostprocessing = 0;
			shellPath = /bin/sh;
			shellScript = "\"${SRCROOT}/Pods/Target Support Files/Pods-ProjectOvaltine/Pods-ProjectOvaltine-frameworks.sh\"\n";
			showEnvVarsInLog = 0;
		};
		9B885B32EF5A44A6D02174B3 /* [CP] Check Pods Manifest.lock */ = {
			isa = PBXShellScriptBuildPhase;
			buildActionMask = 2147483647;
			files = (
			);
			inputPaths = (
			);
			name = "[CP] Check Pods Manifest.lock";
			outputPaths = (
			);
			runOnlyForDeploymentPostprocessing = 0;
			shellPath = /bin/sh;
			shellScript = "diff \"${PODS_ROOT}/../Podfile.lock\" \"${PODS_ROOT}/Manifest.lock\" > /dev/null\nif [[ $? != 0 ]] ; then\n    cat << EOM\nerror: The sandbox is not in sync with the Podfile.lock. Run 'pod install' or update your CocoaPods installation.\nEOM\n    exit 1\nfi\n";
			showEnvVarsInLog = 0;
		};
		EFC093FF674B59495424E8F2 /* [CP] Check Pods Manifest.lock */ = {
			isa = PBXShellScriptBuildPhase;
			buildActionMask = 2147483647;
			files = (
			);
			inputPaths = (
			);
			name = "[CP] Check Pods Manifest.lock";
			outputPaths = (
			);
			runOnlyForDeploymentPostprocessing = 0;
			shellPath = /bin/sh;
			shellScript = "diff \"${PODS_ROOT}/../Podfile.lock\" \"${PODS_ROOT}/Manifest.lock\" > /dev/null\nif [[ $? != 0 ]] ; then\n    cat << EOM\nerror: The sandbox is not in sync with the Podfile.lock. Run 'pod install' or update your CocoaPods installation.\nEOM\n    exit 1\nfi\n";
			showEnvVarsInLog = 0;
		};
/* End PBXShellScriptBuildPhase section */

/* Begin PBXSourcesBuildPhase section */
		AF75DF921D53D30300DDF173 /* Sources */ = {
			isa = PBXSourcesBuildPhase;
			buildActionMask = 2147483647;
			files = (
				AF0916081D634B5D00138D86 /* TableViewCell.swift in Sources */,
				8E74E6FE1D65EC1C0056E866 /* DataSetValues+CoreDataProperties.swift in Sources */,
				AF1FC7D71D5B8D78004973A2 /* LocationData.swift in Sources */,
				8E74E6F91D65EC1C0056E866 /* County+CoreDataProperties.swift in Sources */,
				AFE906B01D5E3F0500CEA2C9 /* SearchResultCell.swift in Sources */,
				AF1FC7CA1D5B736F004973A2 /* TransportationDataViewController.swift in Sources */,
				8E74E6FD1D65EC1C0056E866 /* DataSetValues.swift in Sources */,
				AFDA12471D6513BF00A11FCA /* ErrorViewController.swift in Sources */,
				8E74E6F41D65EC1C0056E866 /* City.swift in Sources */,
				AF24B1C71D5986EA0031FEEB /* CitySDKTests.swift in Sources */,
				8E74E7021D65EC1C0056E866 /* US.swift in Sources */,
				AFDA124B1D6516BD00A11FCA /* SplashScreenView.swift in Sources */,
				AFE906AC1D5E3D5900CEA2C9 /* EducationDataViewController.swift in Sources */,
				AFDA12531D65F33C00A11FCA /* MapView.swift in Sources */,
				AFE460161D551BE400FBE63B /* DataStore.swift in Sources */,
				AF2C0B401D57DC04002B7994 /* CitySDKData.swift in Sources */,
				8E74E6F21D65EC1C0056E866 /* CensusAPICodesParser.swift in Sources */,
				AFE4600E1D551B7900FBE63B /* Request.swift in Sources */,
				AFE460181D551BE400FBE63B /* USAJobsData.swift in Sources */,
				8E74E6FF1D65EC1C0056E866 /* Hints.swift in Sources */,
				AF7B72891D663E3F008C366E /* Constants.swift in Sources */,
				8E74E6FA1D65EC1C0056E866 /* DataModel.xcdatamodeld in Sources */,
				AF1FC7C61D5B70B4004973A2 /* ResultModel.swift in Sources */,
				AF24B1CC1D5987530031FEEB /* MapUITests.swift in Sources */,
				8E74E6F31D65EC1C0056E866 /* CensusAPIProperties.swift in Sources */,
				AFE906AE1D5E3D7800CEA2C9 /* Extensions.swift in Sources */,
				AF588A641D5CB78400F228C7 /* AppFont.swift in Sources */,
				8E74E6F81D65EC1C0056E866 /* County.swift in Sources */,
				8E74E6FB1D65EC1C0056E866 /* DataSet.swift in Sources */,
				AF5045191D5C47AB00A2E97D /* NSCoderExtension.swift in Sources */,
				AF1786361D595B09008C834D /* MapKitViewController.swift in Sources */,
				AFE906AA1D5E3D3D00CEA2C9 /* DemographicDataViewController.swift in Sources */,
				8E74E6F71D65EC1C0056E866 /* CoreDataHelperExtension.swift in Sources */,
				AFEA1C311D64B55C00148BAE /* SettingsView.swift in Sources */,
				AFE906A81D5E3D2600CEA2C9 /* FinanceDataViewController.swift in Sources */,
				AF1FC7C31D5B6F8C004973A2 /* ResultView.swift in Sources */,
				AF1FC7C81D5B72C0004973A2 /* ScoreModel.swift in Sources */,
				AF24B1C91D5987150031FEEB /* USAJobsTests.swift in Sources */,
				AF75DF9A1D53D30300DDF173 /* AppDelegate.swift in Sources */,
				8E74E7001D65EC1C0056E866 /* State.swift in Sources */,
				8E74E6F01D65EC1C0056E866 /* CensusAPIClient.swift in Sources */,
				AFEE32161D635A5600884D42 /* NavBar.swift in Sources */,
				8E74E6FC1D65EC1C0056E866 /* DataSet+CoreDataProperties.swift in Sources */,
				AF7777E91D6103C000303DBB /* ProjectButton.swift in Sources */,
				8E74E6F61D65EC1C0056E866 /* CoreDataHelper.swift in Sources */,
				8E74E7031D65EC1C0056E866 /* US+CoreDataProperties.swift in Sources */,
				AFE759391D62BC3D0072FF76 /* DetailView.swift in Sources */,
				AFE4600D1D551B7900FBE63B /* LaborStatisticsAPIClient.swift in Sources */,
				AFE460171D551BE400FBE63B /* LaborStaticsData.swift in Sources */,
				AF7B72871D66133E008C366E /* TestViewController.swift in Sources */,
				AFEA1C331D64B6A300148BAE /* SettingsViewController.swift in Sources */,
				AFE4600F1D551B7900FBE63B /* USAJobsAPIClient.swift in Sources */,
				AFE906A61D5E3D1000CEA2C9 /* TabBarController.swift in Sources */,
				AF04F1CB1D5A8DC6005B7F26 /* CensusConstants.swift in Sources */,
				AF4E94791D660E1F00515266 /* TestView.swift in Sources */,
				AFE4600A1D551B7900FBE63B /* CitySDKAPIClient.swift in Sources */,
				8E74E6F51D65EC1C0056E866 /* City+CoreDataProperties.swift in Sources */,
				AFDA12451D65134300A11FCA /* ErrorView.swift in Sources */,
				AFDA12491D65166200A11FCA /* SplashScreenController.swift in Sources */,
				BD20C7101D6355CE0065CADF /* StatsViewController.swift in Sources */,
				AF588A6E1D5CC11D00F228C7 /* ResultTableView.swift in Sources */,
				AFE4600C1D551B7900FBE63B /* GovDataAPIClient.swift in Sources */,
				AF1FC7C11D5B6F1F004973A2 /* ResultCell.swift in Sources */,
				8E74E7011D65EC1C0056E866 /* State+CoreDataProperties.swift in Sources */,
			);
			runOnlyForDeploymentPostprocessing = 0;
		};
/* End PBXSourcesBuildPhase section */

/* Begin PBXVariantGroup section */
		AF75DFA21D53D30400DDF173 /* LaunchScreen.storyboard */ = {
			isa = PBXVariantGroup;
			children = (
				AF75DFA31D53D30400DDF173 /* Base */,
			);
			name = LaunchScreen.storyboard;
			sourceTree = "<group>";
		};
/* End PBXVariantGroup section */

/* Begin XCBuildConfiguration section */
		AF75DFA61D53D30400DDF173 /* Debug */ = {
			isa = XCBuildConfiguration;
			buildSettings = {
				ALWAYS_SEARCH_USER_PATHS = NO;
				CLANG_ANALYZER_NONNULL = YES;
				CLANG_CXX_LANGUAGE_STANDARD = "gnu++0x";
				CLANG_CXX_LIBRARY = "libc++";
				CLANG_ENABLE_MODULES = YES;
				CLANG_ENABLE_OBJC_ARC = YES;
				CLANG_WARN_BOOL_CONVERSION = YES;
				CLANG_WARN_CONSTANT_CONVERSION = YES;
				CLANG_WARN_DIRECT_OBJC_ISA_USAGE = YES_ERROR;
				CLANG_WARN_EMPTY_BODY = YES;
				CLANG_WARN_ENUM_CONVERSION = YES;
				CLANG_WARN_INT_CONVERSION = YES;
				CLANG_WARN_OBJC_ROOT_CLASS = YES_ERROR;
				CLANG_WARN_UNREACHABLE_CODE = YES;
				CLANG_WARN__DUPLICATE_METHOD_MATCH = YES;
				"CODE_SIGN_IDENTITY[sdk=iphoneos*]" = "iPhone Developer";
				COPY_PHASE_STRIP = NO;
				DEBUG_INFORMATION_FORMAT = dwarf;
				ENABLE_STRICT_OBJC_MSGSEND = YES;
				ENABLE_TESTABILITY = YES;
				GCC_C_LANGUAGE_STANDARD = gnu99;
				GCC_DYNAMIC_NO_PIC = NO;
				GCC_NO_COMMON_BLOCKS = YES;
				GCC_OPTIMIZATION_LEVEL = 0;
				GCC_PREPROCESSOR_DEFINITIONS = (
					"DEBUG=1",
					"$(inherited)",
				);
				GCC_WARN_64_TO_32_BIT_CONVERSION = YES;
				GCC_WARN_ABOUT_RETURN_TYPE = YES_ERROR;
				GCC_WARN_UNDECLARED_SELECTOR = YES;
				GCC_WARN_UNINITIALIZED_AUTOS = YES_AGGRESSIVE;
				GCC_WARN_UNUSED_FUNCTION = YES;
				GCC_WARN_UNUSED_VARIABLE = YES;
				IPHONEOS_DEPLOYMENT_TARGET = 9.3;
				MTL_ENABLE_DEBUG_INFO = YES;
				ONLY_ACTIVE_ARCH = YES;
				SDKROOT = iphoneos;
				SWIFT_OPTIMIZATION_LEVEL = "-Onone";
			};
			name = Debug;
		};
		AF75DFA71D53D30400DDF173 /* Release */ = {
			isa = XCBuildConfiguration;
			buildSettings = {
				ALWAYS_SEARCH_USER_PATHS = NO;
				CLANG_ANALYZER_NONNULL = YES;
				CLANG_CXX_LANGUAGE_STANDARD = "gnu++0x";
				CLANG_CXX_LIBRARY = "libc++";
				CLANG_ENABLE_MODULES = YES;
				CLANG_ENABLE_OBJC_ARC = YES;
				CLANG_WARN_BOOL_CONVERSION = YES;
				CLANG_WARN_CONSTANT_CONVERSION = YES;
				CLANG_WARN_DIRECT_OBJC_ISA_USAGE = YES_ERROR;
				CLANG_WARN_EMPTY_BODY = YES;
				CLANG_WARN_ENUM_CONVERSION = YES;
				CLANG_WARN_INT_CONVERSION = YES;
				CLANG_WARN_OBJC_ROOT_CLASS = YES_ERROR;
				CLANG_WARN_UNREACHABLE_CODE = YES;
				CLANG_WARN__DUPLICATE_METHOD_MATCH = YES;
				"CODE_SIGN_IDENTITY[sdk=iphoneos*]" = "iPhone Developer";
				COPY_PHASE_STRIP = NO;
				DEBUG_INFORMATION_FORMAT = "dwarf-with-dsym";
				ENABLE_NS_ASSERTIONS = NO;
				ENABLE_STRICT_OBJC_MSGSEND = YES;
				GCC_C_LANGUAGE_STANDARD = gnu99;
				GCC_NO_COMMON_BLOCKS = YES;
				GCC_WARN_64_TO_32_BIT_CONVERSION = YES;
				GCC_WARN_ABOUT_RETURN_TYPE = YES_ERROR;
				GCC_WARN_UNDECLARED_SELECTOR = YES;
				GCC_WARN_UNINITIALIZED_AUTOS = YES_AGGRESSIVE;
				GCC_WARN_UNUSED_FUNCTION = YES;
				GCC_WARN_UNUSED_VARIABLE = YES;
				IPHONEOS_DEPLOYMENT_TARGET = 9.3;
				MTL_ENABLE_DEBUG_INFO = NO;
				SDKROOT = iphoneos;
				VALIDATE_PRODUCT = YES;
			};
			name = Release;
		};
		AF75DFA91D53D30400DDF173 /* Debug */ = {
			isa = XCBuildConfiguration;
			baseConfigurationReference = FC048C74F799EF73ABF209A0 /* Pods-ProjectOvaltine.debug.xcconfig */;
			buildSettings = {
				ASSETCATALOG_COMPILER_APPICON_NAME = AppIcon;
				CODE_SIGN_IDENTITY = "iPhone Developer";
				"CODE_SIGN_IDENTITY[sdk=iphoneos*]" = "iPhone Developer";
				INFOPLIST_FILE = ProjectOvaltine/Info.plist;
				LD_RUNPATH_SEARCH_PATHS = "$(inherited) @executable_path/Frameworks";
				PRODUCT_BUNDLE_IDENTIFIER = com.Webb.C.ProjectOvaltine;
				PRODUCT_NAME = "$(TARGET_NAME)";
				PROVISIONING_PROFILE = "";
			};
			name = Debug;
		};
		AF75DFAA1D53D30400DDF173 /* Release */ = {
			isa = XCBuildConfiguration;
			baseConfigurationReference = 60C2129E72DDDDF5234858A7 /* Pods-ProjectOvaltine.release.xcconfig */;
			buildSettings = {
				ASSETCATALOG_COMPILER_APPICON_NAME = AppIcon;
				CODE_SIGN_IDENTITY = "iPhone Developer";
				"CODE_SIGN_IDENTITY[sdk=iphoneos*]" = "iPhone Developer";
				INFOPLIST_FILE = ProjectOvaltine/Info.plist;
				LD_RUNPATH_SEARCH_PATHS = "$(inherited) @executable_path/Frameworks";
				PRODUCT_BUNDLE_IDENTIFIER = com.Webb.C.ProjectOvaltine;
				PRODUCT_NAME = "$(TARGET_NAME)";
				PROVISIONING_PROFILE = "";
			};
			name = Release;
		};
/* End XCBuildConfiguration section */

/* Begin XCConfigurationList section */
		AF75DF911D53D30300DDF173 /* Build configuration list for PBXProject "ProjectOvaltine" */ = {
			isa = XCConfigurationList;
			buildConfigurations = (
				AF75DFA61D53D30400DDF173 /* Debug */,
				AF75DFA71D53D30400DDF173 /* Release */,
			);
			defaultConfigurationIsVisible = 0;
			defaultConfigurationName = Release;
		};
		AF75DFA81D53D30400DDF173 /* Build configuration list for PBXNativeTarget "ProjectOvaltine" */ = {
			isa = XCConfigurationList;
			buildConfigurations = (
				AF75DFA91D53D30400DDF173 /* Debug */,
				AF75DFAA1D53D30400DDF173 /* Release */,
			);
			defaultConfigurationIsVisible = 0;
			defaultConfigurationName = Release;
		};
/* End XCConfigurationList section */

/* Begin XCVersionGroup section */
		8E74E6E51D65EC1C0056E866 /* DataModel.xcdatamodeld */ = {
			isa = XCVersionGroup;
			children = (
				8E74E6E61D65EC1C0056E866 /* DataModel.xcdatamodel */,
			);
			currentVersion = 8E74E6E61D65EC1C0056E866 /* DataModel.xcdatamodel */;
			name = DataModel.xcdatamodeld;
			path = CoreData/DataModel.xcdatamodeld;
			sourceTree = "<group>";
			versionGroupType = wrapper.xcdatamodel;
		};
/* End XCVersionGroup section */
	};
	rootObject = AF75DF8E1D53D30300DDF173 /* Project object */;
}
